// !$*UTF8*$!
{
	archiveVersion = 1;
	classes = {
	};
	objectVersion = 54;
	objects = {

/* Begin PBXBuildFile section */
		0C80B921A6F3F58F76C31292 /* libPods-RobustaCoffeeDefectClassifier.a in Frameworks */ = {isa = PBXBuildFile; fileRef = 5DCACB8F33CDC322A6C60F78 /* libPods-RobustaCoffeeDefectClassifier.a */; };
		13B07FBF1A68108700A75B9A /* Images.xcassets in Resources */ = {isa = PBXBuildFile; fileRef = 13B07FB51A68108700A75B9A /* Images.xcassets */; };
		761780ED2CA45674006654EE /* AppDelegate.swift in Sources */ = {isa = PBXBuildFile; fileRef = 761780EC2CA45674006654EE /* AppDelegate.swift */; };
		81AB9BB82411601600AC10FF /* LaunchScreen.storyboard in Resources */ = {isa = PBXBuildFile; fileRef = 81AB9BB72411601600AC10FF /* LaunchScreen.storyboard */; };
		2E2A6497AEF4405DB65B5494 /* CascadiaCode-SemiBold.ttf in Resources */ = {isa = PBXBuildFile; fileRef = DBB590C6888444B584DE7750 /* CascadiaCode-SemiBold.ttf */; };
		AA85F5E340814125A4EFF813 /* CascadiaCode-Italic-VariableFont_wght.ttf in Resources */ = {isa = PBXBuildFile; fileRef = 57BBC751E62549D5A2BBD117 /* CascadiaCode-Italic-VariableFont_wght.ttf */; };
		4CFBD4329321410DBA954CCC /* CascadiaCode-VariableFont_wght.ttf in Resources */ = {isa = PBXBuildFile; fileRef = 0995D339C919453AA6A7FE39 /* CascadiaCode-VariableFont_wght.ttf */; };
		D96A45E522CC458081E019C3 /* CascadiaCode-Bold.ttf in Resources */ = {isa = PBXBuildFile; fileRef = 0560B091748640FD88A0EBE1 /* CascadiaCode-Bold.ttf */; };
		45437DB5179148D396465A27 /* CascadiaCode-BoldItalic.ttf in Resources */ = {isa = PBXBuildFile; fileRef = 896A9D1F68E1465DA93FB971 /* CascadiaCode-BoldItalic.ttf */; };
		B2377712F82A436FB20B44B3 /* CascadiaCode-ExtraLight.ttf in Resources */ = {isa = PBXBuildFile; fileRef = 92B3DC60D8F74682A4B18B21 /* CascadiaCode-ExtraLight.ttf */; };
		709085B362814148819994FE /* CascadiaCode-ExtraLightItalic.ttf in Resources */ = {isa = PBXBuildFile; fileRef = 7102D2FED0014F99AC536DA6 /* CascadiaCode-ExtraLightItalic.ttf */; };
		6DA94532CF8B46EEA74ABCF4 /* CascadiaCode-Italic.ttf in Resources */ = {isa = PBXBuildFile; fileRef = 3ED244F8071D4EECB5971DEC /* CascadiaCode-Italic.ttf */; };
		99FA155861054AA58DF3F830 /* CascadiaCode-Light.ttf in Resources */ = {isa = PBXBuildFile; fileRef = DC87BA4739B24501B8FBDD60 /* CascadiaCode-Light.ttf */; };
		5AE338F3E0E54EF695B7EE0C /* CascadiaCode-LightItalic.ttf in Resources */ = {isa = PBXBuildFile; fileRef = 4B9046D48A3A46A68F01E8BE /* CascadiaCode-LightItalic.ttf */; };
		F76C7DB9156F49FE92759691 /* CascadiaCode-Medium.ttf in Resources */ = {isa = PBXBuildFile; fileRef = 872D894FF9A748A59765EE8F /* CascadiaCode-Medium.ttf */; };
		CEBEA7253DD84703BB7C8DDD /* CascadiaCode-MediumItalic.ttf in Resources */ = {isa = PBXBuildFile; fileRef = 007E9E293608460F9DBDAF0B /* CascadiaCode-MediumItalic.ttf */; };
		DDCA14B923E5418F8538BFB9 /* CascadiaCode-Regular.ttf in Resources */ = {isa = PBXBuildFile; fileRef = A4AA3147B55A4ACA98A0CEB3 /* CascadiaCode-Regular.ttf */; };
		4006675F73514667828EB67F /* CascadiaCode-SemiBoldItalic.ttf in Resources */ = {isa = PBXBuildFile; fileRef = 4A2D561160D54B31849E6269 /* CascadiaCode-SemiBoldItalic.ttf */; };
		9A90C0408FF247DEBF986EE4 /* CascadiaMono-Italic-VariableFont_wght.ttf in Resources */ = {isa = PBXBuildFile; fileRef = 9940F2B3F5B949EF9036804C /* CascadiaMono-Italic-VariableFont_wght.ttf */; };
		A09AC9DCC0604937941B8293 /* CascadiaMono-VariableFont_wght.ttf in Resources */ = {isa = PBXBuildFile; fileRef = 52AF0A5E15BB411296153E31 /* CascadiaMono-VariableFont_wght.ttf */; };
		1BC25E5B8C3D43208CD8B046 /* CascadiaMono-Bold.ttf in Resources */ = {isa = PBXBuildFile; fileRef = 5A430924C5AA4401B7CA023B /* CascadiaMono-Bold.ttf */; };
		5911FD6808DF4F4C8780F02F /* CascadiaMono-BoldItalic.ttf in Resources */ = {isa = PBXBuildFile; fileRef = 9CC292BEA7894D27AC9BF68A /* CascadiaMono-BoldItalic.ttf */; };
		39F1BBC5D0D64712A667B3DF /* CascadiaMono-ExtraLight.ttf in Resources */ = {isa = PBXBuildFile; fileRef = 7BFF368BCF67472EBF5145C0 /* CascadiaMono-ExtraLight.ttf */; };
		2F3569BF89E745D4A12513A2 /* CascadiaMono-ExtraLightItalic.ttf in Resources */ = {isa = PBXBuildFile; fileRef = F479CBD35E8845D4B1B21B75 /* CascadiaMono-ExtraLightItalic.ttf */; };
		534F7DFE03614D0DBA5E547C /* CascadiaMono-Italic.ttf in Resources */ = {isa = PBXBuildFile; fileRef = D85EAC78B01341CFAC555D19 /* CascadiaMono-Italic.ttf */; };
		7701C54BDECB4CAB9780D24E /* CascadiaMono-Light.ttf in Resources */ = {isa = PBXBuildFile; fileRef = 42CF7F66FDBE4E3EA972A95A /* CascadiaMono-Light.ttf */; };
		110F2D7E071F48D98869143F /* CascadiaMono-LightItalic.ttf in Resources */ = {isa = PBXBuildFile; fileRef = 73E5D8E8DDA3486290A800CC /* CascadiaMono-LightItalic.ttf */; };
		484283534F6B42A0957D3E54 /* CascadiaMono-Medium.ttf in Resources */ = {isa = PBXBuildFile; fileRef = 66A654D370EE4198BF722FA3 /* CascadiaMono-Medium.ttf */; };
		6C342BC3FE9E444888949AE2 /* CascadiaMono-MediumItalic.ttf in Resources */ = {isa = PBXBuildFile; fileRef = E783D354F636452297585285 /* CascadiaMono-MediumItalic.ttf */; };
		454CAB5C77B944EABE1022C3 /* CascadiaMono-Regular.ttf in Resources */ = {isa = PBXBuildFile; fileRef = 816BFDC14A1B4A61B881FB4F /* CascadiaMono-Regular.ttf */; };
		F6CBDBD8ED8B4448B963603D /* CascadiaMono-SemiBold.ttf in Resources */ = {isa = PBXBuildFile; fileRef = 4F0C11CED50A4D3AABF21766 /* CascadiaMono-SemiBold.ttf */; };
		B1B818BFDB1341B0A7F5CF1B /* CascadiaMono-SemiBoldItalic.ttf in Resources */ = {isa = PBXBuildFile; fileRef = AF9A89F5467446CCAC7F1154 /* CascadiaMono-SemiBoldItalic.ttf */; };
		B37E988EFC2B4C76A62DF6DD /* Inter-Italic-VariableFont_opsz,wght.ttf in Resources */ = {isa = PBXBuildFile; fileRef = 173A11985328418DADAF57BA /* Inter-Italic-VariableFont_opsz,wght.ttf */; };
		093A0AA81B8F4B6693053647 /* Inter-VariableFont_opsz,wght.ttf in Resources */ = {isa = PBXBuildFile; fileRef = B1C1BDF220FD4A3AA165CA03 /* Inter-VariableFont_opsz,wght.ttf */; };
		449CA5FB4E0746A0821D6919 /* Inter_18pt-Black.ttf in Resources */ = {isa = PBXBuildFile; fileRef = E49C0F9F88834B419A12E46D /* Inter_18pt-Black.ttf */; };
		B6F31CECA14440B1A31C72FB /* Inter_18pt-BlackItalic.ttf in Resources */ = {isa = PBXBuildFile; fileRef = D5318F279E184042B7E36A61 /* Inter_18pt-BlackItalic.ttf */; };
		20017B2D4DE048B0AF2869D9 /* Inter_18pt-Bold.ttf in Resources */ = {isa = PBXBuildFile; fileRef = 057A8930056A49379A43F777 /* Inter_18pt-Bold.ttf */; };
		9338B7AA1A44465482BF90A1 /* Inter_18pt-BoldItalic.ttf in Resources */ = {isa = PBXBuildFile; fileRef = EA79F7A7FBE24DD69E4B6482 /* Inter_18pt-BoldItalic.ttf */; };
		068F4045E5314C4A8A74CA5A /* Inter_18pt-ExtraBold.ttf in Resources */ = {isa = PBXBuildFile; fileRef = 628866899879470080C35040 /* Inter_18pt-ExtraBold.ttf */; };
		66E9B288E92F45D495A7F890 /* Inter_18pt-ExtraBoldItalic.ttf in Resources */ = {isa = PBXBuildFile; fileRef = 362FB5F91E19406282706D01 /* Inter_18pt-ExtraBoldItalic.ttf */; };
		7CAAEBAFC6F74FF2A326B560 /* Inter_18pt-ExtraLight.ttf in Resources */ = {isa = PBXBuildFile; fileRef = 28059ABC3A50403D81BE9D7A /* Inter_18pt-ExtraLight.ttf */; };
		9EC79EBEE69B43E8A556A4CF /* Inter_18pt-ExtraLightItalic.ttf in Resources */ = {isa = PBXBuildFile; fileRef = 559D440CF5424957BA0F7B7E /* Inter_18pt-ExtraLightItalic.ttf */; };
		7348CCE53B4E424EB4653AB9 /* Inter_18pt-Italic.ttf in Resources */ = {isa = PBXBuildFile; fileRef = F046ADFAAD474310B1946D56 /* Inter_18pt-Italic.ttf */; };
		F0952BA382B947778FEED014 /* Inter_18pt-Light.ttf in Resources */ = {isa = PBXBuildFile; fileRef = 00A0EAE973024FC8929833A9 /* Inter_18pt-Light.ttf */; };
		E3A699671F53452698AD9CF0 /* Inter_18pt-LightItalic.ttf in Resources */ = {isa = PBXBuildFile; fileRef = 02699B3071BF4ED0A5EFF3D3 /* Inter_18pt-LightItalic.ttf */; };
		E7D46636B3E94D97BFB104F8 /* Inter_18pt-Medium.ttf in Resources */ = {isa = PBXBuildFile; fileRef = 55EAE75EF14C49DD8BE3F6E7 /* Inter_18pt-Medium.ttf */; };
		667D7A608B5149D9A507893A /* Inter_18pt-MediumItalic.ttf in Resources */ = {isa = PBXBuildFile; fileRef = F70DB78308A0467B8F8DEEE6 /* Inter_18pt-MediumItalic.ttf */; };
		D8BB2DA3122D4ED9B9F3EDBF /* Inter_18pt-SemiBold.ttf in Resources */ = {isa = PBXBuildFile; fileRef = A5EFC8AD6AA046D88CC42A0F /* Inter_18pt-SemiBold.ttf */; };
		D6A3D295E9CE42ED852D46A5 /* Inter_18pt-SemiBoldItalic.ttf in Resources */ = {isa = PBXBuildFile; fileRef = C2189BC32CA64E459636ACC8 /* Inter_18pt-SemiBoldItalic.ttf */; };
		ED16EC351A244FE1AC0D3C01 /* Inter_18pt-Thin.ttf in Resources */ = {isa = PBXBuildFile; fileRef = 42266AA85FE4401A91745C51 /* Inter_18pt-Thin.ttf */; };
		35E4B315C7B44181BF3C8287 /* Inter_18pt-ThinItalic.ttf in Resources */ = {isa = PBXBuildFile; fileRef = 14F0B303CCCD448494DD08E0 /* Inter_18pt-ThinItalic.ttf */; };
		93B695FADCB349428915F793 /* Inter_24pt-Black.ttf in Resources */ = {isa = PBXBuildFile; fileRef = 509F966DB7244405B0882956 /* Inter_24pt-Black.ttf */; };
		BB18F9EC2F904C148CF378A8 /* Inter_24pt-BlackItalic.ttf in Resources */ = {isa = PBXBuildFile; fileRef = D52D5E31A5E54CCBB14810D9 /* Inter_24pt-BlackItalic.ttf */; };
		546255EE381046498B5FCC42 /* Inter_24pt-Bold.ttf in Resources */ = {isa = PBXBuildFile; fileRef = 4947111A045A4DE680D5F162 /* Inter_24pt-Bold.ttf */; };
		C54197D513C940F8917CDA8E /* Inter_24pt-BoldItalic.ttf in Resources */ = {isa = PBXBuildFile; fileRef = 19D99902789C4A25B2FE85F6 /* Inter_24pt-BoldItalic.ttf */; };
		1DF274B640774DC381B963B1 /* Inter_24pt-ExtraBold.ttf in Resources */ = {isa = PBXBuildFile; fileRef = ADEACE432F9040479FBA7F12 /* Inter_24pt-ExtraBold.ttf */; };
		1B3AB270301649EB927871AE /* Inter_24pt-ExtraBoldItalic.ttf in Resources */ = {isa = PBXBuildFile; fileRef = D99D540D9AE04104B02E8669 /* Inter_24pt-ExtraBoldItalic.ttf */; };
		37EFA4D15351423E95274988 /* Inter_24pt-ExtraLight.ttf in Resources */ = {isa = PBXBuildFile; fileRef = B92AB1CFD54F4A7E8EB7060D /* Inter_24pt-ExtraLight.ttf */; };
		8B5D12C516704FF48B855C18 /* Inter_24pt-ExtraLightItalic.ttf in Resources */ = {isa = PBXBuildFile; fileRef = F240ADC93FCB4DDF81D2A489 /* Inter_24pt-ExtraLightItalic.ttf */; };
		03B18A820BA54981845E634C /* Inter_24pt-Italic.ttf in Resources */ = {isa = PBXBuildFile; fileRef = 9627D1032CF6487286F8968C /* Inter_24pt-Italic.ttf */; };
		45B91C8FF27B4ECB80A4D287 /* Inter_24pt-Light.ttf in Resources */ = {isa = PBXBuildFile; fileRef = 7812D20CB46146BAB3EAC3E5 /* Inter_24pt-Light.ttf */; };
		8068213B38EA43199F3D20AE /* Inter_24pt-LightItalic.ttf in Resources */ = {isa = PBXBuildFile; fileRef = BCECE9BAA8584CB4ABF14271 /* Inter_24pt-LightItalic.ttf */; };
		A48D35307B3A4A7B821E4789 /* Inter_24pt-Medium.ttf in Resources */ = {isa = PBXBuildFile; fileRef = 82BFDB170A9E4480A680E2A0 /* Inter_24pt-Medium.ttf */; };
		31687B97636549E483ED6D40 /* Inter_24pt-MediumItalic.ttf in Resources */ = {isa = PBXBuildFile; fileRef = A18E5B85DFAA43B58123F5E7 /* Inter_24pt-MediumItalic.ttf */; };
		CC58F1DF219C47BD8F027CBB /* Inter_24pt-Regular.ttf in Resources */ = {isa = PBXBuildFile; fileRef = EA03AE16C50B4B0E860F063C /* Inter_24pt-Regular.ttf */; };
		FB2EDC9068B24427BAF3D3BB /* Inter_24pt-SemiBold.ttf in Resources */ = {isa = PBXBuildFile; fileRef = C64A5B14382D4600810AD7F6 /* Inter_24pt-SemiBold.ttf */; };
		D8A6E2E67A4047A386D9BE40 /* Inter_24pt-SemiBoldItalic.ttf in Resources */ = {isa = PBXBuildFile; fileRef = BEB9C19249924ADABFCE5FF9 /* Inter_24pt-SemiBoldItalic.ttf */; };
		6977C6A707DD4426820035C0 /* Inter_24pt-Thin.ttf in Resources */ = {isa = PBXBuildFile; fileRef = 72F0C04156AD449197CDAADB /* Inter_24pt-Thin.ttf */; };
		1E32244774BC4E40B4B1E78A /* Inter_24pt-ThinItalic.ttf in Resources */ = {isa = PBXBuildFile; fileRef = 6FBE0B56C5D44094BE0A4822 /* Inter_24pt-ThinItalic.ttf */; };
		6A3309570ED446F8A5412E8A /* Inter_28pt-Black.ttf in Resources */ = {isa = PBXBuildFile; fileRef = A4F34AD51D774BD980C61CA6 /* Inter_28pt-Black.ttf */; };
		7E57137AC3954557902EE099 /* Inter_28pt-BlackItalic.ttf in Resources */ = {isa = PBXBuildFile; fileRef = FC8E231C5672413CACB85F31 /* Inter_28pt-BlackItalic.ttf */; };
		EF6A073B30324E7A900F4F12 /* Inter_28pt-Bold.ttf in Resources */ = {isa = PBXBuildFile; fileRef = 8B85EB8FC12D4A409255F2C9 /* Inter_28pt-Bold.ttf */; };
		B7E34BFB215942E6BB8126E3 /* Inter_28pt-BoldItalic.ttf in Resources */ = {isa = PBXBuildFile; fileRef = 47801A42A75F4C3289C7991C /* Inter_28pt-BoldItalic.ttf */; };
		902C6EF5DFFC433485F743C1 /* Inter_28pt-ExtraBold.ttf in Resources */ = {isa = PBXBuildFile; fileRef = 9057210240EC4663B5AAE75A /* Inter_28pt-ExtraBold.ttf */; };
		AA2B156CCF2E4F0AAB201AFD /* Inter_28pt-ExtraBoldItalic.ttf in Resources */ = {isa = PBXBuildFile; fileRef = E7617F7F47934C7181568A5D /* Inter_28pt-ExtraBoldItalic.ttf */; };
		8EA66D493C9142D7AB480ED8 /* Inter_28pt-ExtraLight.ttf in Resources */ = {isa = PBXBuildFile; fileRef = A5BBEAD20F8D452EA15E0804 /* Inter_28pt-ExtraLight.ttf */; };
		76FAFD121ACD43149FF2F72C /* Inter_28pt-ExtraLightItalic.ttf in Resources */ = {isa = PBXBuildFile; fileRef = 25C7A563570146C08226F93B /* Inter_28pt-ExtraLightItalic.ttf */; };
		9ADADC2C5A294491B50F74C1 /* Inter_28pt-Italic.ttf in Resources */ = {isa = PBXBuildFile; fileRef = 76D224D7F10643EC9BF0FAB1 /* Inter_28pt-Italic.ttf */; };
		C91CA6C2C1CA4C9E8796FE83 /* Inter_28pt-Light.ttf in Resources */ = {isa = PBXBuildFile; fileRef = 729FD5EB403E4CBA95A78485 /* Inter_28pt-Light.ttf */; };
		DC3744C75B4642EDB97E51CD /* Inter_28pt-LightItalic.ttf in Resources */ = {isa = PBXBuildFile; fileRef = 66148D6134CD4587A159C279 /* Inter_28pt-LightItalic.ttf */; };
		D88CEFCE62FB4022B31DCA38 /* Inter_28pt-Medium.ttf in Resources */ = {isa = PBXBuildFile; fileRef = 596E9107562A4D2ABFBA2091 /* Inter_28pt-Medium.ttf */; };
		3D42FAA2F40E43E5ADCF5382 /* Inter_28pt-MediumItalic.ttf in Resources */ = {isa = PBXBuildFile; fileRef = 39773EDA952C49AAB7FA8330 /* Inter_28pt-MediumItalic.ttf */; };
		1435E93C0D3248A18020782C /* Inter_28pt-Regular.ttf in Resources */ = {isa = PBXBuildFile; fileRef = 38B97D21DE6D40349B79DEAB /* Inter_28pt-Regular.ttf */; };
		44350BE0EC6A408FB4C289C7 /* Inter_28pt-SemiBold.ttf in Resources */ = {isa = PBXBuildFile; fileRef = E5900DC8033E4070812EDABF /* Inter_28pt-SemiBold.ttf */; };
		75F45A7DC9D942A68AC57E82 /* Inter_28pt-SemiBoldItalic.ttf in Resources */ = {isa = PBXBuildFile; fileRef = F773B264505C4A31B839B211 /* Inter_28pt-SemiBoldItalic.ttf */; };
		390691EF54ED4776A2D493D7 /* Inter_28pt-Thin.ttf in Resources */ = {isa = PBXBuildFile; fileRef = CD2FFE1DC80F4A4DB1D8B357 /* Inter_28pt-Thin.ttf */; };
		47BEFDF88FBD489BB97FB17A /* Inter_28pt-ThinItalic.ttf in Resources */ = {isa = PBXBuildFile; fileRef = 47DD5315714E4F6FB596BA2C /* Inter_28pt-ThinItalic.ttf */; };
		16CD858715744D5B925B927E /* Inter_18pt-Regular.ttf in Resources */ = {isa = PBXBuildFile; fileRef = CFEC3C7F26994BCFBDF3BB59 /* Inter_18pt-Regular.ttf */; };
		A50CE5978DF54B9C82858201 /* Poppins-Black.ttf in Resources */ = {isa = PBXBuildFile; fileRef = EA26AF667A07448CA66BB57E /* Poppins-Black.ttf */; };
		75DF5E1918C04C178E5F48C4 /* Poppins-BlackItalic.ttf in Resources */ = {isa = PBXBuildFile; fileRef = B361654D39CF421898F1E728 /* Poppins-BlackItalic.ttf */; };
		5CAFDFF24CE24DF7A4F9D32C /* Poppins-BoldItalic.ttf in Resources */ = {isa = PBXBuildFile; fileRef = 2EEB8237421D46A9A395778E /* Poppins-BoldItalic.ttf */; };
		39BFDDBA748A4E42AF927722 /* Poppins-ExtraBold.ttf in Resources */ = {isa = PBXBuildFile; fileRef = FFD9C0250D9446A1988E6302 /* Poppins-ExtraBold.ttf */; };
		B4FC2A8484ED4F6B887F56B5 /* Poppins-ExtraBoldItalic.ttf in Resources */ = {isa = PBXBuildFile; fileRef = A7693620B11546929090E1A9 /* Poppins-ExtraBoldItalic.ttf */; };
		7363C4709CA04E1CB16F8B4A /* Poppins-ExtraLightItalic.ttf in Resources */ = {isa = PBXBuildFile; fileRef = D7F00E6B896F45B3A59E724D /* Poppins-ExtraLightItalic.ttf */; };
		A0A6C6DE19F14C07A8A4C6E5 /* Poppins-Italic.ttf in Resources */ = {isa = PBXBuildFile; fileRef = D16A04F4620B425C925FA6B8 /* Poppins-Italic.ttf */; };
		FE84AC566B1D4404B0E950F4 /* Poppins-Light.ttf in Resources */ = {isa = PBXBuildFile; fileRef = 4CAF38B195AD44B78561960C /* Poppins-Light.ttf */; };
		CA2C5F359C8D4326851E54DF /* Poppins-LightItalic.ttf in Resources */ = {isa = PBXBuildFile; fileRef = 84EBFB770B6149CD96268834 /* Poppins-LightItalic.ttf */; };
		5E23CA63BD204939B6805354 /* Poppins-MediumItalic.ttf in Resources */ = {isa = PBXBuildFile; fileRef = 9CF7A12E35B34381890AFDB2 /* Poppins-MediumItalic.ttf */; };
		A1F8678872AE417EA0578FE3 /* Poppins-SemiBoldItalic.ttf in Resources */ = {isa = PBXBuildFile; fileRef = 6024454C59834ECBAB59B150 /* Poppins-SemiBoldItalic.ttf */; };
		B47B40E54F9F43D291EB3356 /* Poppins-Thin.ttf in Resources */ = {isa = PBXBuildFile; fileRef = EBDED709A1C14816AFDA27FB /* Poppins-Thin.ttf */; };
		01832ADCCCDA492482FDF0CD /* Poppins-ThinItalic.ttf in Resources */ = {isa = PBXBuildFile; fileRef = AFA95DF9FEC14E218FA33925 /* Poppins-ThinItalic.ttf */; };
		74EA5ED913594D1BBE858D9B /* Poppins-Bold.ttf in Resources */ = {isa = PBXBuildFile; fileRef = C38C01F8111143309530DF11 /* Poppins-Bold.ttf */; };
		BCA72C1A61D548E8B8347F0E /* Poppins-ExtraLight.ttf in Resources */ = {isa = PBXBuildFile; fileRef = E8361810B7384DD49D461E48 /* Poppins-ExtraLight.ttf */; };
		5F06CB81448A484584ACD0E8 /* Poppins-Medium.ttf in Resources */ = {isa = PBXBuildFile; fileRef = ECD357470E4E4FD39C8B6318 /* Poppins-Medium.ttf */; };
		C500217F4A3D4EC0B974A069 /* Poppins-Regular.ttf in Resources */ = {isa = PBXBuildFile; fileRef = 52A224A53D7149C78E916879 /* Poppins-Regular.ttf */; };
		D51D06FE6D674C3686B0C35F /* Poppins-SemiBold.ttf in Resources */ = {isa = PBXBuildFile; fileRef = 8B648E426F944B3FB030A609 /* Poppins-SemiBold.ttf */; };
		EB67D76FD74B4531BF118ABA /* OFL.txt in Resources */ = {isa = PBXBuildFile; fileRef = 6F89ADF6006447169EADB50F /* OFL.txt */; };
		1DE5E0188E1A4FA7A3E7E632 /* README.txt in Resources */ = {isa = PBXBuildFile; fileRef = 394CBA28A7F24BE781BC6370 /* README.txt */; };
		1D3277D60DAF438EBD10B0BD /* README.txt in Resources */ = {isa = PBXBuildFile; fileRef = 6DC94C948D5E4D2892181297 /* README.txt */; };
		9DDE9A34B9BD48BAAC306EE0 /* OFL.txt in Resources */ = {isa = PBXBuildFile; fileRef = A785AEE6C2C941D8B8E2D401 /* OFL.txt */; };
		CDC1F2517AAC41928AF1EDAB /* README.txt in Resources */ = {isa = PBXBuildFile; fileRef = ED791FC6A0E74E149FF0DE04 /* README.txt */; };
		C0B3E151849342C49430D0C1 /* OFL.txt in Resources */ = {isa = PBXBuildFile; fileRef = 78FA8B69AF2F4E9EA5BC365B /* OFL.txt */; };
/* End PBXBuildFile section */

/* Begin PBXFileReference section */
		13B07F961A680F5B00A75B9A /* RobustaCoffeeDefectClassifier.app */ = {isa = PBXFileReference; explicitFileType = wrapper.application; includeInIndex = 0; path = RobustaCoffeeDefectClassifier.app; sourceTree = BUILT_PRODUCTS_DIR; };
		13B07FB51A68108700A75B9A /* Images.xcassets */ = {isa = PBXFileReference; lastKnownFileType = folder.assetcatalog; name = Images.xcassets; path = RobustaCoffeeDefectClassifier/Images.xcassets; sourceTree = "<group>"; };
		13B07FB61A68108700A75B9A /* Info.plist */ = {isa = PBXFileReference; fileEncoding = 4; lastKnownFileType = text.plist.xml; name = Info.plist; path = RobustaCoffeeDefectClassifier/Info.plist; sourceTree = "<group>"; };
		13B07FB81A68108700A75B9A /* PrivacyInfo.xcprivacy */ = {isa = PBXFileReference; fileEncoding = 4; lastKnownFileType = text.plist.xml; name = PrivacyInfo.xcprivacy; path = RobustaCoffeeDefectClassifier/PrivacyInfo.xcprivacy; sourceTree = "<group>"; };
		3B4392A12AC88292D35C810B /* Pods-RobustaCoffeeDefectClassifier.debug.xcconfig */ = {isa = PBXFileReference; includeInIndex = 1; lastKnownFileType = text.xcconfig; name = "Pods-RobustaCoffeeDefectClassifier.debug.xcconfig"; path = "Target Support Files/Pods-RobustaCoffeeDefectClassifier/Pods-RobustaCoffeeDefectClassifier.debug.xcconfig"; sourceTree = "<group>"; };
		5709B34CF0A7D63546082F79 /* Pods-RobustaCoffeeDefectClassifier.release.xcconfig */ = {isa = PBXFileReference; includeInIndex = 1; lastKnownFileType = text.xcconfig; name = "Pods-RobustaCoffeeDefectClassifier.release.xcconfig"; path = "Target Support Files/Pods-RobustaCoffeeDefectClassifier/Pods-RobustaCoffeeDefectClassifier.release.xcconfig"; sourceTree = "<group>"; };
		5DCACB8F33CDC322A6C60F78 /* libPods-RobustaCoffeeDefectClassifier.a */ = {isa = PBXFileReference; explicitFileType = archive.ar; includeInIndex = 0; path = "libPods-RobustaCoffeeDefectClassifier.a"; sourceTree = BUILT_PRODUCTS_DIR; };
		761780EC2CA45674006654EE /* AppDelegate.swift */ = {isa = PBXFileReference; lastKnownFileType = sourcecode.swift; name = AppDelegate.swift; path = RobustaCoffeeDefectClassifier/AppDelegate.swift; sourceTree = "<group>"; };
		81AB9BB72411601600AC10FF /* LaunchScreen.storyboard */ = {isa = PBXFileReference; fileEncoding = 4; lastKnownFileType = file.storyboard; name = LaunchScreen.storyboard; path = RobustaCoffeeDefectClassifier/LaunchScreen.storyboard; sourceTree = "<group>"; };
		ED297162215061F000B7C4FE /* JavaScriptCore.framework */ = {isa = PBXFileReference; lastKnownFileType = wrapper.framework; name = JavaScriptCore.framework; path = System/Library/Frameworks/JavaScriptCore.framework; sourceTree = SDKROOT; };
		DBB590C6888444B584DE7750 /* CascadiaCode-SemiBold.ttf */ = {isa = PBXFileReference; name = "CascadiaCode-SemiBold.ttf"; path = "../assets/Fonts/CascadiaCode-SemiBold.ttf"; sourceTree = "<group>"; fileEncoding = undefined; lastKnownFileType = unknown; explicitFileType = undefined; includeInIndex = 0; };
		57BBC751E62549D5A2BBD117 /* CascadiaCode-Italic-VariableFont_wght.ttf */ = {isa = PBXFileReference; name = "CascadiaCode-Italic-VariableFont_wght.ttf"; path = "../assets/Fonts/Cascadia_Code/CascadiaCode-Italic-VariableFont_wght.ttf"; sourceTree = "<group>"; fileEncoding = undefined; lastKnownFileType = unknown; explicitFileType = undefined; includeInIndex = 0; };
		0995D339C919453AA6A7FE39 /* CascadiaCode-VariableFont_wght.ttf */ = {isa = PBXFileReference; name = "CascadiaCode-VariableFont_wght.ttf"; path = "../assets/Fonts/Cascadia_Code/CascadiaCode-VariableFont_wght.ttf"; sourceTree = "<group>"; fileEncoding = undefined; lastKnownFileType = unknown; explicitFileType = undefined; includeInIndex = 0; };
		0560B091748640FD88A0EBE1 /* CascadiaCode-Bold.ttf */ = {isa = PBXFileReference; name = "CascadiaCode-Bold.ttf"; path = "../assets/Fonts/Cascadia_Code/static/CascadiaCode-Bold.ttf"; sourceTree = "<group>"; fileEncoding = undefined; lastKnownFileType = unknown; explicitFileType = undefined; includeInIndex = 0; };
		896A9D1F68E1465DA93FB971 /* CascadiaCode-BoldItalic.ttf */ = {isa = PBXFileReference; name = "CascadiaCode-BoldItalic.ttf"; path = "../assets/Fonts/Cascadia_Code/static/CascadiaCode-BoldItalic.ttf"; sourceTree = "<group>"; fileEncoding = undefined; lastKnownFileType = unknown; explicitFileType = undefined; includeInIndex = 0; };
		92B3DC60D8F74682A4B18B21 /* CascadiaCode-ExtraLight.ttf */ = {isa = PBXFileReference; name = "CascadiaCode-ExtraLight.ttf"; path = "../assets/Fonts/Cascadia_Code/static/CascadiaCode-ExtraLight.ttf"; sourceTree = "<group>"; fileEncoding = undefined; lastKnownFileType = unknown; explicitFileType = undefined; includeInIndex = 0; };
		7102D2FED0014F99AC536DA6 /* CascadiaCode-ExtraLightItalic.ttf */ = {isa = PBXFileReference; name = "CascadiaCode-ExtraLightItalic.ttf"; path = "../assets/Fonts/Cascadia_Code/static/CascadiaCode-ExtraLightItalic.ttf"; sourceTree = "<group>"; fileEncoding = undefined; lastKnownFileType = unknown; explicitFileType = undefined; includeInIndex = 0; };
		3ED244F8071D4EECB5971DEC /* CascadiaCode-Italic.ttf */ = {isa = PBXFileReference; name = "CascadiaCode-Italic.ttf"; path = "../assets/Fonts/Cascadia_Code/static/CascadiaCode-Italic.ttf"; sourceTree = "<group>"; fileEncoding = undefined; lastKnownFileType = unknown; explicitFileType = undefined; includeInIndex = 0; };
		DC87BA4739B24501B8FBDD60 /* CascadiaCode-Light.ttf */ = {isa = PBXFileReference; name = "CascadiaCode-Light.ttf"; path = "../assets/Fonts/Cascadia_Code/static/CascadiaCode-Light.ttf"; sourceTree = "<group>"; fileEncoding = undefined; lastKnownFileType = unknown; explicitFileType = undefined; includeInIndex = 0; };
		4B9046D48A3A46A68F01E8BE /* CascadiaCode-LightItalic.ttf */ = {isa = PBXFileReference; name = "CascadiaCode-LightItalic.ttf"; path = "../assets/Fonts/Cascadia_Code/static/CascadiaCode-LightItalic.ttf"; sourceTree = "<group>"; fileEncoding = undefined; lastKnownFileType = unknown; explicitFileType = undefined; includeInIndex = 0; };
		872D894FF9A748A59765EE8F /* CascadiaCode-Medium.ttf */ = {isa = PBXFileReference; name = "CascadiaCode-Medium.ttf"; path = "../assets/Fonts/Cascadia_Code/static/CascadiaCode-Medium.ttf"; sourceTree = "<group>"; fileEncoding = undefined; lastKnownFileType = unknown; explicitFileType = undefined; includeInIndex = 0; };
		007E9E293608460F9DBDAF0B /* CascadiaCode-MediumItalic.ttf */ = {isa = PBXFileReference; name = "CascadiaCode-MediumItalic.ttf"; path = "../assets/Fonts/Cascadia_Code/static/CascadiaCode-MediumItalic.ttf"; sourceTree = "<group>"; fileEncoding = undefined; lastKnownFileType = unknown; explicitFileType = undefined; includeInIndex = 0; };
		A4AA3147B55A4ACA98A0CEB3 /* CascadiaCode-Regular.ttf */ = {isa = PBXFileReference; name = "CascadiaCode-Regular.ttf"; path = "../assets/Fonts/Cascadia_Code/static/CascadiaCode-Regular.ttf"; sourceTree = "<group>"; fileEncoding = undefined; lastKnownFileType = unknown; explicitFileType = undefined; includeInIndex = 0; };
		4A2D561160D54B31849E6269 /* CascadiaCode-SemiBoldItalic.ttf */ = {isa = PBXFileReference; name = "CascadiaCode-SemiBoldItalic.ttf"; path = "../assets/Fonts/Cascadia_Code/static/CascadiaCode-SemiBoldItalic.ttf"; sourceTree = "<group>"; fileEncoding = undefined; lastKnownFileType = unknown; explicitFileType = undefined; includeInIndex = 0; };
		9940F2B3F5B949EF9036804C /* CascadiaMono-Italic-VariableFont_wght.ttf */ = {isa = PBXFileReference; name = "CascadiaMono-Italic-VariableFont_wght.ttf"; path = "../assets/Fonts/Cascadia_Mono/CascadiaMono-Italic-VariableFont_wght.ttf"; sourceTree = "<group>"; fileEncoding = undefined; lastKnownFileType = unknown; explicitFileType = undefined; includeInIndex = 0; };
		52AF0A5E15BB411296153E31 /* CascadiaMono-VariableFont_wght.ttf */ = {isa = PBXFileReference; name = "CascadiaMono-VariableFont_wght.ttf"; path = "../assets/Fonts/Cascadia_Mono/CascadiaMono-VariableFont_wght.ttf"; sourceTree = "<group>"; fileEncoding = undefined; lastKnownFileType = unknown; explicitFileType = undefined; includeInIndex = 0; };
		5A430924C5AA4401B7CA023B /* CascadiaMono-Bold.ttf */ = {isa = PBXFileReference; name = "CascadiaMono-Bold.ttf"; path = "../assets/Fonts/Cascadia_Mono/static/CascadiaMono-Bold.ttf"; sourceTree = "<group>"; fileEncoding = undefined; lastKnownFileType = unknown; explicitFileType = undefined; includeInIndex = 0; };
		9CC292BEA7894D27AC9BF68A /* CascadiaMono-BoldItalic.ttf */ = {isa = PBXFileReference; name = "CascadiaMono-BoldItalic.ttf"; path = "../assets/Fonts/Cascadia_Mono/static/CascadiaMono-BoldItalic.ttf"; sourceTree = "<group>"; fileEncoding = undefined; lastKnownFileType = unknown; explicitFileType = undefined; includeInIndex = 0; };
		7BFF368BCF67472EBF5145C0 /* CascadiaMono-ExtraLight.ttf */ = {isa = PBXFileReference; name = "CascadiaMono-ExtraLight.ttf"; path = "../assets/Fonts/Cascadia_Mono/static/CascadiaMono-ExtraLight.ttf"; sourceTree = "<group>"; fileEncoding = undefined; lastKnownFileType = unknown; explicitFileType = undefined; includeInIndex = 0; };
		F479CBD35E8845D4B1B21B75 /* CascadiaMono-ExtraLightItalic.ttf */ = {isa = PBXFileReference; name = "CascadiaMono-ExtraLightItalic.ttf"; path = "../assets/Fonts/Cascadia_Mono/static/CascadiaMono-ExtraLightItalic.ttf"; sourceTree = "<group>"; fileEncoding = undefined; lastKnownFileType = unknown; explicitFileType = undefined; includeInIndex = 0; };
		D85EAC78B01341CFAC555D19 /* CascadiaMono-Italic.ttf */ = {isa = PBXFileReference; name = "CascadiaMono-Italic.ttf"; path = "../assets/Fonts/Cascadia_Mono/static/CascadiaMono-Italic.ttf"; sourceTree = "<group>"; fileEncoding = undefined; lastKnownFileType = unknown; explicitFileType = undefined; includeInIndex = 0; };
		42CF7F66FDBE4E3EA972A95A /* CascadiaMono-Light.ttf */ = {isa = PBXFileReference; name = "CascadiaMono-Light.ttf"; path = "../assets/Fonts/Cascadia_Mono/static/CascadiaMono-Light.ttf"; sourceTree = "<group>"; fileEncoding = undefined; lastKnownFileType = unknown; explicitFileType = undefined; includeInIndex = 0; };
		73E5D8E8DDA3486290A800CC /* CascadiaMono-LightItalic.ttf */ = {isa = PBXFileReference; name = "CascadiaMono-LightItalic.ttf"; path = "../assets/Fonts/Cascadia_Mono/static/CascadiaMono-LightItalic.ttf"; sourceTree = "<group>"; fileEncoding = undefined; lastKnownFileType = unknown; explicitFileType = undefined; includeInIndex = 0; };
		66A654D370EE4198BF722FA3 /* CascadiaMono-Medium.ttf */ = {isa = PBXFileReference; name = "CascadiaMono-Medium.ttf"; path = "../assets/Fonts/Cascadia_Mono/static/CascadiaMono-Medium.ttf"; sourceTree = "<group>"; fileEncoding = undefined; lastKnownFileType = unknown; explicitFileType = undefined; includeInIndex = 0; };
		E783D354F636452297585285 /* CascadiaMono-MediumItalic.ttf */ = {isa = PBXFileReference; name = "CascadiaMono-MediumItalic.ttf"; path = "../assets/Fonts/Cascadia_Mono/static/CascadiaMono-MediumItalic.ttf"; sourceTree = "<group>"; fileEncoding = undefined; lastKnownFileType = unknown; explicitFileType = undefined; includeInIndex = 0; };
		816BFDC14A1B4A61B881FB4F /* CascadiaMono-Regular.ttf */ = {isa = PBXFileReference; name = "CascadiaMono-Regular.ttf"; path = "../assets/Fonts/Cascadia_Mono/static/CascadiaMono-Regular.ttf"; sourceTree = "<group>"; fileEncoding = undefined; lastKnownFileType = unknown; explicitFileType = undefined; includeInIndex = 0; };
		4F0C11CED50A4D3AABF21766 /* CascadiaMono-SemiBold.ttf */ = {isa = PBXFileReference; name = "CascadiaMono-SemiBold.ttf"; path = "../assets/Fonts/Cascadia_Mono/static/CascadiaMono-SemiBold.ttf"; sourceTree = "<group>"; fileEncoding = undefined; lastKnownFileType = unknown; explicitFileType = undefined; includeInIndex = 0; };
		AF9A89F5467446CCAC7F1154 /* CascadiaMono-SemiBoldItalic.ttf */ = {isa = PBXFileReference; name = "CascadiaMono-SemiBoldItalic.ttf"; path = "../assets/Fonts/Cascadia_Mono/static/CascadiaMono-SemiBoldItalic.ttf"; sourceTree = "<group>"; fileEncoding = undefined; lastKnownFileType = unknown; explicitFileType = undefined; includeInIndex = 0; };
		173A11985328418DADAF57BA /* Inter-Italic-VariableFont_opsz,wght.ttf */ = {isa = PBXFileReference; name = "Inter-Italic-VariableFont_opsz,wght.ttf"; path = "../assets/Fonts/Inter/Inter-Italic-VariableFont_opsz,wght.ttf"; sourceTree = "<group>"; fileEncoding = undefined; lastKnownFileType = unknown; explicitFileType = undefined; includeInIndex = 0; };
		B1C1BDF220FD4A3AA165CA03 /* Inter-VariableFont_opsz,wght.ttf */ = {isa = PBXFileReference; name = "Inter-VariableFont_opsz,wght.ttf"; path = "../assets/Fonts/Inter/Inter-VariableFont_opsz,wght.ttf"; sourceTree = "<group>"; fileEncoding = undefined; lastKnownFileType = unknown; explicitFileType = undefined; includeInIndex = 0; };
		E49C0F9F88834B419A12E46D /* Inter_18pt-Black.ttf */ = {isa = PBXFileReference; name = "Inter_18pt-Black.ttf"; path = "../assets/Fonts/Inter/static/Inter_18pt-Black.ttf"; sourceTree = "<group>"; fileEncoding = undefined; lastKnownFileType = unknown; explicitFileType = undefined; includeInIndex = 0; };
		D5318F279E184042B7E36A61 /* Inter_18pt-BlackItalic.ttf */ = {isa = PBXFileReference; name = "Inter_18pt-BlackItalic.ttf"; path = "../assets/Fonts/Inter/static/Inter_18pt-BlackItalic.ttf"; sourceTree = "<group>"; fileEncoding = undefined; lastKnownFileType = unknown; explicitFileType = undefined; includeInIndex = 0; };
		057A8930056A49379A43F777 /* Inter_18pt-Bold.ttf */ = {isa = PBXFileReference; name = "Inter_18pt-Bold.ttf"; path = "../assets/Fonts/Inter/static/Inter_18pt-Bold.ttf"; sourceTree = "<group>"; fileEncoding = undefined; lastKnownFileType = unknown; explicitFileType = undefined; includeInIndex = 0; };
		EA79F7A7FBE24DD69E4B6482 /* Inter_18pt-BoldItalic.ttf */ = {isa = PBXFileReference; name = "Inter_18pt-BoldItalic.ttf"; path = "../assets/Fonts/Inter/static/Inter_18pt-BoldItalic.ttf"; sourceTree = "<group>"; fileEncoding = undefined; lastKnownFileType = unknown; explicitFileType = undefined; includeInIndex = 0; };
		628866899879470080C35040 /* Inter_18pt-ExtraBold.ttf */ = {isa = PBXFileReference; name = "Inter_18pt-ExtraBold.ttf"; path = "../assets/Fonts/Inter/static/Inter_18pt-ExtraBold.ttf"; sourceTree = "<group>"; fileEncoding = undefined; lastKnownFileType = unknown; explicitFileType = undefined; includeInIndex = 0; };
		362FB5F91E19406282706D01 /* Inter_18pt-ExtraBoldItalic.ttf */ = {isa = PBXFileReference; name = "Inter_18pt-ExtraBoldItalic.ttf"; path = "../assets/Fonts/Inter/static/Inter_18pt-ExtraBoldItalic.ttf"; sourceTree = "<group>"; fileEncoding = undefined; lastKnownFileType = unknown; explicitFileType = undefined; includeInIndex = 0; };
		28059ABC3A50403D81BE9D7A /* Inter_18pt-ExtraLight.ttf */ = {isa = PBXFileReference; name = "Inter_18pt-ExtraLight.ttf"; path = "../assets/Fonts/Inter/static/Inter_18pt-ExtraLight.ttf"; sourceTree = "<group>"; fileEncoding = undefined; lastKnownFileType = unknown; explicitFileType = undefined; includeInIndex = 0; };
		559D440CF5424957BA0F7B7E /* Inter_18pt-ExtraLightItalic.ttf */ = {isa = PBXFileReference; name = "Inter_18pt-ExtraLightItalic.ttf"; path = "../assets/Fonts/Inter/static/Inter_18pt-ExtraLightItalic.ttf"; sourceTree = "<group>"; fileEncoding = undefined; lastKnownFileType = unknown; explicitFileType = undefined; includeInIndex = 0; };
		F046ADFAAD474310B1946D56 /* Inter_18pt-Italic.ttf */ = {isa = PBXFileReference; name = "Inter_18pt-Italic.ttf"; path = "../assets/Fonts/Inter/static/Inter_18pt-Italic.ttf"; sourceTree = "<group>"; fileEncoding = undefined; lastKnownFileType = unknown; explicitFileType = undefined; includeInIndex = 0; };
		00A0EAE973024FC8929833A9 /* Inter_18pt-Light.ttf */ = {isa = PBXFileReference; name = "Inter_18pt-Light.ttf"; path = "../assets/Fonts/Inter/static/Inter_18pt-Light.ttf"; sourceTree = "<group>"; fileEncoding = undefined; lastKnownFileType = unknown; explicitFileType = undefined; includeInIndex = 0; };
		02699B3071BF4ED0A5EFF3D3 /* Inter_18pt-LightItalic.ttf */ = {isa = PBXFileReference; name = "Inter_18pt-LightItalic.ttf"; path = "../assets/Fonts/Inter/static/Inter_18pt-LightItalic.ttf"; sourceTree = "<group>"; fileEncoding = undefined; lastKnownFileType = unknown; explicitFileType = undefined; includeInIndex = 0; };
		55EAE75EF14C49DD8BE3F6E7 /* Inter_18pt-Medium.ttf */ = {isa = PBXFileReference; name = "Inter_18pt-Medium.ttf"; path = "../assets/Fonts/Inter/static/Inter_18pt-Medium.ttf"; sourceTree = "<group>"; fileEncoding = undefined; lastKnownFileType = unknown; explicitFileType = undefined; includeInIndex = 0; };
		F70DB78308A0467B8F8DEEE6 /* Inter_18pt-MediumItalic.ttf */ = {isa = PBXFileReference; name = "Inter_18pt-MediumItalic.ttf"; path = "../assets/Fonts/Inter/static/Inter_18pt-MediumItalic.ttf"; sourceTree = "<group>"; fileEncoding = undefined; lastKnownFileType = unknown; explicitFileType = undefined; includeInIndex = 0; };
		A5EFC8AD6AA046D88CC42A0F /* Inter_18pt-SemiBold.ttf */ = {isa = PBXFileReference; name = "Inter_18pt-SemiBold.ttf"; path = "../assets/Fonts/Inter/static/Inter_18pt-SemiBold.ttf"; sourceTree = "<group>"; fileEncoding = undefined; lastKnownFileType = unknown; explicitFileType = undefined; includeInIndex = 0; };
		C2189BC32CA64E459636ACC8 /* Inter_18pt-SemiBoldItalic.ttf */ = {isa = PBXFileReference; name = "Inter_18pt-SemiBoldItalic.ttf"; path = "../assets/Fonts/Inter/static/Inter_18pt-SemiBoldItalic.ttf"; sourceTree = "<group>"; fileEncoding = undefined; lastKnownFileType = unknown; explicitFileType = undefined; includeInIndex = 0; };
		42266AA85FE4401A91745C51 /* Inter_18pt-Thin.ttf */ = {isa = PBXFileReference; name = "Inter_18pt-Thin.ttf"; path = "../assets/Fonts/Inter/static/Inter_18pt-Thin.ttf"; sourceTree = "<group>"; fileEncoding = undefined; lastKnownFileType = unknown; explicitFileType = undefined; includeInIndex = 0; };
		14F0B303CCCD448494DD08E0 /* Inter_18pt-ThinItalic.ttf */ = {isa = PBXFileReference; name = "Inter_18pt-ThinItalic.ttf"; path = "../assets/Fonts/Inter/static/Inter_18pt-ThinItalic.ttf"; sourceTree = "<group>"; fileEncoding = undefined; lastKnownFileType = unknown; explicitFileType = undefined; includeInIndex = 0; };
		509F966DB7244405B0882956 /* Inter_24pt-Black.ttf */ = {isa = PBXFileReference; name = "Inter_24pt-Black.ttf"; path = "../assets/Fonts/Inter/static/Inter_24pt-Black.ttf"; sourceTree = "<group>"; fileEncoding = undefined; lastKnownFileType = unknown; explicitFileType = undefined; includeInIndex = 0; };
		D52D5E31A5E54CCBB14810D9 /* Inter_24pt-BlackItalic.ttf */ = {isa = PBXFileReference; name = "Inter_24pt-BlackItalic.ttf"; path = "../assets/Fonts/Inter/static/Inter_24pt-BlackItalic.ttf"; sourceTree = "<group>"; fileEncoding = undefined; lastKnownFileType = unknown; explicitFileType = undefined; includeInIndex = 0; };
		4947111A045A4DE680D5F162 /* Inter_24pt-Bold.ttf */ = {isa = PBXFileReference; name = "Inter_24pt-Bold.ttf"; path = "../assets/Fonts/Inter/static/Inter_24pt-Bold.ttf"; sourceTree = "<group>"; fileEncoding = undefined; lastKnownFileType = unknown; explicitFileType = undefined; includeInIndex = 0; };
		19D99902789C4A25B2FE85F6 /* Inter_24pt-BoldItalic.ttf */ = {isa = PBXFileReference; name = "Inter_24pt-BoldItalic.ttf"; path = "../assets/Fonts/Inter/static/Inter_24pt-BoldItalic.ttf"; sourceTree = "<group>"; fileEncoding = undefined; lastKnownFileType = unknown; explicitFileType = undefined; includeInIndex = 0; };
		ADEACE432F9040479FBA7F12 /* Inter_24pt-ExtraBold.ttf */ = {isa = PBXFileReference; name = "Inter_24pt-ExtraBold.ttf"; path = "../assets/Fonts/Inter/static/Inter_24pt-ExtraBold.ttf"; sourceTree = "<group>"; fileEncoding = undefined; lastKnownFileType = unknown; explicitFileType = undefined; includeInIndex = 0; };
		D99D540D9AE04104B02E8669 /* Inter_24pt-ExtraBoldItalic.ttf */ = {isa = PBXFileReference; name = "Inter_24pt-ExtraBoldItalic.ttf"; path = "../assets/Fonts/Inter/static/Inter_24pt-ExtraBoldItalic.ttf"; sourceTree = "<group>"; fileEncoding = undefined; lastKnownFileType = unknown; explicitFileType = undefined; includeInIndex = 0; };
		B92AB1CFD54F4A7E8EB7060D /* Inter_24pt-ExtraLight.ttf */ = {isa = PBXFileReference; name = "Inter_24pt-ExtraLight.ttf"; path = "../assets/Fonts/Inter/static/Inter_24pt-ExtraLight.ttf"; sourceTree = "<group>"; fileEncoding = undefined; lastKnownFileType = unknown; explicitFileType = undefined; includeInIndex = 0; };
		F240ADC93FCB4DDF81D2A489 /* Inter_24pt-ExtraLightItalic.ttf */ = {isa = PBXFileReference; name = "Inter_24pt-ExtraLightItalic.ttf"; path = "../assets/Fonts/Inter/static/Inter_24pt-ExtraLightItalic.ttf"; sourceTree = "<group>"; fileEncoding = undefined; lastKnownFileType = unknown; explicitFileType = undefined; includeInIndex = 0; };
		9627D1032CF6487286F8968C /* Inter_24pt-Italic.ttf */ = {isa = PBXFileReference; name = "Inter_24pt-Italic.ttf"; path = "../assets/Fonts/Inter/static/Inter_24pt-Italic.ttf"; sourceTree = "<group>"; fileEncoding = undefined; lastKnownFileType = unknown; explicitFileType = undefined; includeInIndex = 0; };
		7812D20CB46146BAB3EAC3E5 /* Inter_24pt-Light.ttf */ = {isa = PBXFileReference; name = "Inter_24pt-Light.ttf"; path = "../assets/Fonts/Inter/static/Inter_24pt-Light.ttf"; sourceTree = "<group>"; fileEncoding = undefined; lastKnownFileType = unknown; explicitFileType = undefined; includeInIndex = 0; };
		BCECE9BAA8584CB4ABF14271 /* Inter_24pt-LightItalic.ttf */ = {isa = PBXFileReference; name = "Inter_24pt-LightItalic.ttf"; path = "../assets/Fonts/Inter/static/Inter_24pt-LightItalic.ttf"; sourceTree = "<group>"; fileEncoding = undefined; lastKnownFileType = unknown; explicitFileType = undefined; includeInIndex = 0; };
		82BFDB170A9E4480A680E2A0 /* Inter_24pt-Medium.ttf */ = {isa = PBXFileReference; name = "Inter_24pt-Medium.ttf"; path = "../assets/Fonts/Inter/static/Inter_24pt-Medium.ttf"; sourceTree = "<group>"; fileEncoding = undefined; lastKnownFileType = unknown; explicitFileType = undefined; includeInIndex = 0; };
		A18E5B85DFAA43B58123F5E7 /* Inter_24pt-MediumItalic.ttf */ = {isa = PBXFileReference; name = "Inter_24pt-MediumItalic.ttf"; path = "../assets/Fonts/Inter/static/Inter_24pt-MediumItalic.ttf"; sourceTree = "<group>"; fileEncoding = undefined; lastKnownFileType = unknown; explicitFileType = undefined; includeInIndex = 0; };
		EA03AE16C50B4B0E860F063C /* Inter_24pt-Regular.ttf */ = {isa = PBXFileReference; name = "Inter_24pt-Regular.ttf"; path = "../assets/Fonts/Inter/static/Inter_24pt-Regular.ttf"; sourceTree = "<group>"; fileEncoding = undefined; lastKnownFileType = unknown; explicitFileType = undefined; includeInIndex = 0; };
		C64A5B14382D4600810AD7F6 /* Inter_24pt-SemiBold.ttf */ = {isa = PBXFileReference; name = "Inter_24pt-SemiBold.ttf"; path = "../assets/Fonts/Inter/static/Inter_24pt-SemiBold.ttf"; sourceTree = "<group>"; fileEncoding = undefined; lastKnownFileType = unknown; explicitFileType = undefined; includeInIndex = 0; };
		BEB9C19249924ADABFCE5FF9 /* Inter_24pt-SemiBoldItalic.ttf */ = {isa = PBXFileReference; name = "Inter_24pt-SemiBoldItalic.ttf"; path = "../assets/Fonts/Inter/static/Inter_24pt-SemiBoldItalic.ttf"; sourceTree = "<group>"; fileEncoding = undefined; lastKnownFileType = unknown; explicitFileType = undefined; includeInIndex = 0; };
		72F0C04156AD449197CDAADB /* Inter_24pt-Thin.ttf */ = {isa = PBXFileReference; name = "Inter_24pt-Thin.ttf"; path = "../assets/Fonts/Inter/static/Inter_24pt-Thin.ttf"; sourceTree = "<group>"; fileEncoding = undefined; lastKnownFileType = unknown; explicitFileType = undefined; includeInIndex = 0; };
		6FBE0B56C5D44094BE0A4822 /* Inter_24pt-ThinItalic.ttf */ = {isa = PBXFileReference; name = "Inter_24pt-ThinItalic.ttf"; path = "../assets/Fonts/Inter/static/Inter_24pt-ThinItalic.ttf"; sourceTree = "<group>"; fileEncoding = undefined; lastKnownFileType = unknown; explicitFileType = undefined; includeInIndex = 0; };
		A4F34AD51D774BD980C61CA6 /* Inter_28pt-Black.ttf */ = {isa = PBXFileReference; name = "Inter_28pt-Black.ttf"; path = "../assets/Fonts/Inter/static/Inter_28pt-Black.ttf"; sourceTree = "<group>"; fileEncoding = undefined; lastKnownFileType = unknown; explicitFileType = undefined; includeInIndex = 0; };
		FC8E231C5672413CACB85F31 /* Inter_28pt-BlackItalic.ttf */ = {isa = PBXFileReference; name = "Inter_28pt-BlackItalic.ttf"; path = "../assets/Fonts/Inter/static/Inter_28pt-BlackItalic.ttf"; sourceTree = "<group>"; fileEncoding = undefined; lastKnownFileType = unknown; explicitFileType = undefined; includeInIndex = 0; };
		8B85EB8FC12D4A409255F2C9 /* Inter_28pt-Bold.ttf */ = {isa = PBXFileReference; name = "Inter_28pt-Bold.ttf"; path = "../assets/Fonts/Inter/static/Inter_28pt-Bold.ttf"; sourceTree = "<group>"; fileEncoding = undefined; lastKnownFileType = unknown; explicitFileType = undefined; includeInIndex = 0; };
		47801A42A75F4C3289C7991C /* Inter_28pt-BoldItalic.ttf */ = {isa = PBXFileReference; name = "Inter_28pt-BoldItalic.ttf"; path = "../assets/Fonts/Inter/static/Inter_28pt-BoldItalic.ttf"; sourceTree = "<group>"; fileEncoding = undefined; lastKnownFileType = unknown; explicitFileType = undefined; includeInIndex = 0; };
		9057210240EC4663B5AAE75A /* Inter_28pt-ExtraBold.ttf */ = {isa = PBXFileReference; name = "Inter_28pt-ExtraBold.ttf"; path = "../assets/Fonts/Inter/static/Inter_28pt-ExtraBold.ttf"; sourceTree = "<group>"; fileEncoding = undefined; lastKnownFileType = unknown; explicitFileType = undefined; includeInIndex = 0; };
		E7617F7F47934C7181568A5D /* Inter_28pt-ExtraBoldItalic.ttf */ = {isa = PBXFileReference; name = "Inter_28pt-ExtraBoldItalic.ttf"; path = "../assets/Fonts/Inter/static/Inter_28pt-ExtraBoldItalic.ttf"; sourceTree = "<group>"; fileEncoding = undefined; lastKnownFileType = unknown; explicitFileType = undefined; includeInIndex = 0; };
		A5BBEAD20F8D452EA15E0804 /* Inter_28pt-ExtraLight.ttf */ = {isa = PBXFileReference; name = "Inter_28pt-ExtraLight.ttf"; path = "../assets/Fonts/Inter/static/Inter_28pt-ExtraLight.ttf"; sourceTree = "<group>"; fileEncoding = undefined; lastKnownFileType = unknown; explicitFileType = undefined; includeInIndex = 0; };
		25C7A563570146C08226F93B /* Inter_28pt-ExtraLightItalic.ttf */ = {isa = PBXFileReference; name = "Inter_28pt-ExtraLightItalic.ttf"; path = "../assets/Fonts/Inter/static/Inter_28pt-ExtraLightItalic.ttf"; sourceTree = "<group>"; fileEncoding = undefined; lastKnownFileType = unknown; explicitFileType = undefined; includeInIndex = 0; };
		76D224D7F10643EC9BF0FAB1 /* Inter_28pt-Italic.ttf */ = {isa = PBXFileReference; name = "Inter_28pt-Italic.ttf"; path = "../assets/Fonts/Inter/static/Inter_28pt-Italic.ttf"; sourceTree = "<group>"; fileEncoding = undefined; lastKnownFileType = unknown; explicitFileType = undefined; includeInIndex = 0; };
		729FD5EB403E4CBA95A78485 /* Inter_28pt-Light.ttf */ = {isa = PBXFileReference; name = "Inter_28pt-Light.ttf"; path = "../assets/Fonts/Inter/static/Inter_28pt-Light.ttf"; sourceTree = "<group>"; fileEncoding = undefined; lastKnownFileType = unknown; explicitFileType = undefined; includeInIndex = 0; };
		66148D6134CD4587A159C279 /* Inter_28pt-LightItalic.ttf */ = {isa = PBXFileReference; name = "Inter_28pt-LightItalic.ttf"; path = "../assets/Fonts/Inter/static/Inter_28pt-LightItalic.ttf"; sourceTree = "<group>"; fileEncoding = undefined; lastKnownFileType = unknown; explicitFileType = undefined; includeInIndex = 0; };
		596E9107562A4D2ABFBA2091 /* Inter_28pt-Medium.ttf */ = {isa = PBXFileReference; name = "Inter_28pt-Medium.ttf"; path = "../assets/Fonts/Inter/static/Inter_28pt-Medium.ttf"; sourceTree = "<group>"; fileEncoding = undefined; lastKnownFileType = unknown; explicitFileType = undefined; includeInIndex = 0; };
		39773EDA952C49AAB7FA8330 /* Inter_28pt-MediumItalic.ttf */ = {isa = PBXFileReference; name = "Inter_28pt-MediumItalic.ttf"; path = "../assets/Fonts/Inter/static/Inter_28pt-MediumItalic.ttf"; sourceTree = "<group>"; fileEncoding = undefined; lastKnownFileType = unknown; explicitFileType = undefined; includeInIndex = 0; };
		38B97D21DE6D40349B79DEAB /* Inter_28pt-Regular.ttf */ = {isa = PBXFileReference; name = "Inter_28pt-Regular.ttf"; path = "../assets/Fonts/Inter/static/Inter_28pt-Regular.ttf"; sourceTree = "<group>"; fileEncoding = undefined; lastKnownFileType = unknown; explicitFileType = undefined; includeInIndex = 0; };
		E5900DC8033E4070812EDABF /* Inter_28pt-SemiBold.ttf */ = {isa = PBXFileReference; name = "Inter_28pt-SemiBold.ttf"; path = "../assets/Fonts/Inter/static/Inter_28pt-SemiBold.ttf"; sourceTree = "<group>"; fileEncoding = undefined; lastKnownFileType = unknown; explicitFileType = undefined; includeInIndex = 0; };
		F773B264505C4A31B839B211 /* Inter_28pt-SemiBoldItalic.ttf */ = {isa = PBXFileReference; name = "Inter_28pt-SemiBoldItalic.ttf"; path = "../assets/Fonts/Inter/static/Inter_28pt-SemiBoldItalic.ttf"; sourceTree = "<group>"; fileEncoding = undefined; lastKnownFileType = unknown; explicitFileType = undefined; includeInIndex = 0; };
		CD2FFE1DC80F4A4DB1D8B357 /* Inter_28pt-Thin.ttf */ = {isa = PBXFileReference; name = "Inter_28pt-Thin.ttf"; path = "../assets/Fonts/Inter/static/Inter_28pt-Thin.ttf"; sourceTree = "<group>"; fileEncoding = undefined; lastKnownFileType = unknown; explicitFileType = undefined; includeInIndex = 0; };
		47DD5315714E4F6FB596BA2C /* Inter_28pt-ThinItalic.ttf */ = {isa = PBXFileReference; name = "Inter_28pt-ThinItalic.ttf"; path = "../assets/Fonts/Inter/static/Inter_28pt-ThinItalic.ttf"; sourceTree = "<group>"; fileEncoding = undefined; lastKnownFileType = unknown; explicitFileType = undefined; includeInIndex = 0; };
		CFEC3C7F26994BCFBDF3BB59 /* Inter_18pt-Regular.ttf */ = {isa = PBXFileReference; name = "Inter_18pt-Regular.ttf"; path = "../assets/Fonts/Inter_18pt-Regular.ttf"; sourceTree = "<group>"; fileEncoding = undefined; lastKnownFileType = unknown; explicitFileType = undefined; includeInIndex = 0; };
		EA26AF667A07448CA66BB57E /* Poppins-Black.ttf */ = {isa = PBXFileReference; name = "Poppins-Black.ttf"; path = "../assets/Fonts/Poppins/Poppins-Black.ttf"; sourceTree = "<group>"; fileEncoding = undefined; lastKnownFileType = unknown; explicitFileType = undefined; includeInIndex = 0; };
		B361654D39CF421898F1E728 /* Poppins-BlackItalic.ttf */ = {isa = PBXFileReference; name = "Poppins-BlackItalic.ttf"; path = "../assets/Fonts/Poppins/Poppins-BlackItalic.ttf"; sourceTree = "<group>"; fileEncoding = undefined; lastKnownFileType = unknown; explicitFileType = undefined; includeInIndex = 0; };
		2EEB8237421D46A9A395778E /* Poppins-BoldItalic.ttf */ = {isa = PBXFileReference; name = "Poppins-BoldItalic.ttf"; path = "../assets/Fonts/Poppins/Poppins-BoldItalic.ttf"; sourceTree = "<group>"; fileEncoding = undefined; lastKnownFileType = unknown; explicitFileType = undefined; includeInIndex = 0; };
		FFD9C0250D9446A1988E6302 /* Poppins-ExtraBold.ttf */ = {isa = PBXFileReference; name = "Poppins-ExtraBold.ttf"; path = "../assets/Fonts/Poppins/Poppins-ExtraBold.ttf"; sourceTree = "<group>"; fileEncoding = undefined; lastKnownFileType = unknown; explicitFileType = undefined; includeInIndex = 0; };
		A7693620B11546929090E1A9 /* Poppins-ExtraBoldItalic.ttf */ = {isa = PBXFileReference; name = "Poppins-ExtraBoldItalic.ttf"; path = "../assets/Fonts/Poppins/Poppins-ExtraBoldItalic.ttf"; sourceTree = "<group>"; fileEncoding = undefined; lastKnownFileType = unknown; explicitFileType = undefined; includeInIndex = 0; };
		D7F00E6B896F45B3A59E724D /* Poppins-ExtraLightItalic.ttf */ = {isa = PBXFileReference; name = "Poppins-ExtraLightItalic.ttf"; path = "../assets/Fonts/Poppins/Poppins-ExtraLightItalic.ttf"; sourceTree = "<group>"; fileEncoding = undefined; lastKnownFileType = unknown; explicitFileType = undefined; includeInIndex = 0; };
		D16A04F4620B425C925FA6B8 /* Poppins-Italic.ttf */ = {isa = PBXFileReference; name = "Poppins-Italic.ttf"; path = "../assets/Fonts/Poppins/Poppins-Italic.ttf"; sourceTree = "<group>"; fileEncoding = undefined; lastKnownFileType = unknown; explicitFileType = undefined; includeInIndex = 0; };
		4CAF38B195AD44B78561960C /* Poppins-Light.ttf */ = {isa = PBXFileReference; name = "Poppins-Light.ttf"; path = "../assets/Fonts/Poppins/Poppins-Light.ttf"; sourceTree = "<group>"; fileEncoding = undefined; lastKnownFileType = unknown; explicitFileType = undefined; includeInIndex = 0; };
		84EBFB770B6149CD96268834 /* Poppins-LightItalic.ttf */ = {isa = PBXFileReference; name = "Poppins-LightItalic.ttf"; path = "../assets/Fonts/Poppins/Poppins-LightItalic.ttf"; sourceTree = "<group>"; fileEncoding = undefined; lastKnownFileType = unknown; explicitFileType = undefined; includeInIndex = 0; };
		9CF7A12E35B34381890AFDB2 /* Poppins-MediumItalic.ttf */ = {isa = PBXFileReference; name = "Poppins-MediumItalic.ttf"; path = "../assets/Fonts/Poppins/Poppins-MediumItalic.ttf"; sourceTree = "<group>"; fileEncoding = undefined; lastKnownFileType = unknown; explicitFileType = undefined; includeInIndex = 0; };
		6024454C59834ECBAB59B150 /* Poppins-SemiBoldItalic.ttf */ = {isa = PBXFileReference; name = "Poppins-SemiBoldItalic.ttf"; path = "../assets/Fonts/Poppins/Poppins-SemiBoldItalic.ttf"; sourceTree = "<group>"; fileEncoding = undefined; lastKnownFileType = unknown; explicitFileType = undefined; includeInIndex = 0; };
		EBDED709A1C14816AFDA27FB /* Poppins-Thin.ttf */ = {isa = PBXFileReference; name = "Poppins-Thin.ttf"; path = "../assets/Fonts/Poppins/Poppins-Thin.ttf"; sourceTree = "<group>"; fileEncoding = undefined; lastKnownFileType = unknown; explicitFileType = undefined; includeInIndex = 0; };
		AFA95DF9FEC14E218FA33925 /* Poppins-ThinItalic.ttf */ = {isa = PBXFileReference; name = "Poppins-ThinItalic.ttf"; path = "../assets/Fonts/Poppins/Poppins-ThinItalic.ttf"; sourceTree = "<group>"; fileEncoding = undefined; lastKnownFileType = unknown; explicitFileType = undefined; includeInIndex = 0; };
		C38C01F8111143309530DF11 /* Poppins-Bold.ttf */ = {isa = PBXFileReference; name = "Poppins-Bold.ttf"; path = "../assets/Fonts/Poppins-Bold.ttf"; sourceTree = "<group>"; fileEncoding = undefined; lastKnownFileType = unknown; explicitFileType = undefined; includeInIndex = 0; };
		E8361810B7384DD49D461E48 /* Poppins-ExtraLight.ttf */ = {isa = PBXFileReference; name = "Poppins-ExtraLight.ttf"; path = "../assets/Fonts/Poppins-ExtraLight.ttf"; sourceTree = "<group>"; fileEncoding = undefined; lastKnownFileType = unknown; explicitFileType = undefined; includeInIndex = 0; };
		ECD357470E4E4FD39C8B6318 /* Poppins-Medium.ttf */ = {isa = PBXFileReference; name = "Poppins-Medium.ttf"; path = "../assets/Fonts/Poppins-Medium.ttf"; sourceTree = "<group>"; fileEncoding = undefined; lastKnownFileType = unknown; explicitFileType = undefined; includeInIndex = 0; };
		52A224A53D7149C78E916879 /* Poppins-Regular.ttf */ = {isa = PBXFileReference; name = "Poppins-Regular.ttf"; path = "../assets/Fonts/Poppins-Regular.ttf"; sourceTree = "<group>"; fileEncoding = undefined; lastKnownFileType = unknown; explicitFileType = undefined; includeInIndex = 0; };
		8B648E426F944B3FB030A609 /* Poppins-SemiBold.ttf */ = {isa = PBXFileReference; name = "Poppins-SemiBold.ttf"; path = "../assets/Fonts/Poppins-SemiBold.ttf"; sourceTree = "<group>"; fileEncoding = undefined; lastKnownFileType = unknown; explicitFileType = undefined; includeInIndex = 0; };
		6F89ADF6006447169EADB50F /* OFL.txt */ = {isa = PBXFileReference; name = "OFL.txt"; path = "../assets/Fonts/Cascadia_Mono/OFL.txt"; sourceTree = "<group>"; fileEncoding = undefined; lastKnownFileType = unknown; explicitFileType = undefined; includeInIndex = 0; };
		394CBA28A7F24BE781BC6370 /* README.txt */ = {isa = PBXFileReference; name = "README.txt"; path = "../assets/Fonts/Cascadia_Code/README.txt"; sourceTree = "<group>"; fileEncoding = undefined; lastKnownFileType = unknown; explicitFileType = undefined; includeInIndex = 0; };
		6DC94C948D5E4D2892181297 /* README.txt */ = {isa = PBXFileReference; name = "README.txt"; path = "../assets/Fonts/Cascadia_Mono/README.txt"; sourceTree = "<group>"; fileEncoding = undefined; lastKnownFileType = unknown; explicitFileType = undefined; includeInIndex = 0; };
		A785AEE6C2C941D8B8E2D401 /* OFL.txt */ = {isa = PBXFileReference; name = "OFL.txt"; path = "../assets/Fonts/Inter/OFL.txt"; sourceTree = "<group>"; fileEncoding = undefined; lastKnownFileType = unknown; explicitFileType = undefined; includeInIndex = 0; };
		ED791FC6A0E74E149FF0DE04 /* README.txt */ = {isa = PBXFileReference; name = "README.txt"; path = "../assets/Fonts/Inter/README.txt"; sourceTree = "<group>"; fileEncoding = undefined; lastKnownFileType = unknown; explicitFileType = undefined; includeInIndex = 0; };
		78FA8B69AF2F4E9EA5BC365B /* OFL.txt */ = {isa = PBXFileReference; name = "OFL.txt"; path = "../assets/Fonts/Poppins/OFL.txt"; sourceTree = "<group>"; fileEncoding = undefined; lastKnownFileType = unknown; explicitFileType = undefined; includeInIndex = 0; };
/* End PBXFileReference section */

/* Begin PBXFrameworksBuildPhase section */
		13B07F8C1A680F5B00A75B9A /* Frameworks */ = {
			isa = PBXFrameworksBuildPhase;
			buildActionMask = 2147483647;
			files = (
				0C80B921A6F3F58F76C31292 /* libPods-RobustaCoffeeDefectClassifier.a in Frameworks */,
			);
			runOnlyForDeploymentPostprocessing = 0;
		};
/* End PBXFrameworksBuildPhase section */

/* Begin PBXGroup section */
		13B07FAE1A68108700A75B9A /* RobustaCoffeeDefectClassifier */ = {
			isa = PBXGroup;
			children = (
				13B07FB51A68108700A75B9A /* Images.xcassets */,
				761780EC2CA45674006654EE /* AppDelegate.swift */,
				13B07FB61A68108700A75B9A /* Info.plist */,
				81AB9BB72411601600AC10FF /* LaunchScreen.storyboard */,
				13B07FB81A68108700A75B9A /* PrivacyInfo.xcprivacy */,
			);
			name = RobustaCoffeeDefectClassifier;
			sourceTree = "<group>";
		};
		2D16E6871FA4F8E400B85C8A /* Frameworks */ = {
			isa = PBXGroup;
			children = (
				ED297162215061F000B7C4FE /* JavaScriptCore.framework */,
				5DCACB8F33CDC322A6C60F78 /* libPods-RobustaCoffeeDefectClassifier.a */,
			);
			name = Frameworks;
			sourceTree = "<group>";
		};
		832341AE1AAA6A7D00B99B32 /* Libraries */ = {
			isa = PBXGroup;
			children = (
			);
			name = Libraries;
			sourceTree = "<group>";
		};
		83CBB9F61A601CBA00E9B192 = {
			isa = PBXGroup;
			children = (
				13B07FAE1A68108700A75B9A /* RobustaCoffeeDefectClassifier */,
				832341AE1AAA6A7D00B99B32 /* Libraries */,
				83CBBA001A601CBA00E9B192 /* Products */,
				2D16E6871FA4F8E400B85C8A /* Frameworks */,
				BBD78D7AC51CEA395F1C20DB /* Pods */,
				0DA7098ADD7F499BAC94F394 /* Resources */,
			);
			indentWidth = 2;
			sourceTree = "<group>";
			tabWidth = 2;
			usesTabs = 0;
		};
		83CBBA001A601CBA00E9B192 /* Products */ = {
			isa = PBXGroup;
			children = (
				13B07F961A680F5B00A75B9A /* RobustaCoffeeDefectClassifier.app */,
			);
			name = Products;
			sourceTree = "<group>";
		};
		BBD78D7AC51CEA395F1C20DB /* Pods */ = {
			isa = PBXGroup;
			children = (
				3B4392A12AC88292D35C810B /* Pods-RobustaCoffeeDefectClassifier.debug.xcconfig */,
				5709B34CF0A7D63546082F79 /* Pods-RobustaCoffeeDefectClassifier.release.xcconfig */,
			);
			path = Pods;
			sourceTree = "<group>";
		};
		0DA7098ADD7F499BAC94F394 /* Resources */ = {
			isa = "PBXGroup";
			children = (
				DBB590C6888444B584DE7750 /* CascadiaCode-SemiBold.ttf */,
				57BBC751E62549D5A2BBD117 /* CascadiaCode-Italic-VariableFont_wght.ttf */,
				0995D339C919453AA6A7FE39 /* CascadiaCode-VariableFont_wght.ttf */,
				0560B091748640FD88A0EBE1 /* CascadiaCode-Bold.ttf */,
				896A9D1F68E1465DA93FB971 /* CascadiaCode-BoldItalic.ttf */,
				92B3DC60D8F74682A4B18B21 /* CascadiaCode-ExtraLight.ttf */,
				7102D2FED0014F99AC536DA6 /* CascadiaCode-ExtraLightItalic.ttf */,
				3ED244F8071D4EECB5971DEC /* CascadiaCode-Italic.ttf */,
				DC87BA4739B24501B8FBDD60 /* CascadiaCode-Light.ttf */,
				4B9046D48A3A46A68F01E8BE /* CascadiaCode-LightItalic.ttf */,
				872D894FF9A748A59765EE8F /* CascadiaCode-Medium.ttf */,
				007E9E293608460F9DBDAF0B /* CascadiaCode-MediumItalic.ttf */,
				A4AA3147B55A4ACA98A0CEB3 /* CascadiaCode-Regular.ttf */,
				4A2D561160D54B31849E6269 /* CascadiaCode-SemiBoldItalic.ttf */,
				9940F2B3F5B949EF9036804C /* CascadiaMono-Italic-VariableFont_wght.ttf */,
				52AF0A5E15BB411296153E31 /* CascadiaMono-VariableFont_wght.ttf */,
				5A430924C5AA4401B7CA023B /* CascadiaMono-Bold.ttf */,
				9CC292BEA7894D27AC9BF68A /* CascadiaMono-BoldItalic.ttf */,
				7BFF368BCF67472EBF5145C0 /* CascadiaMono-ExtraLight.ttf */,
				F479CBD35E8845D4B1B21B75 /* CascadiaMono-ExtraLightItalic.ttf */,
				D85EAC78B01341CFAC555D19 /* CascadiaMono-Italic.ttf */,
				42CF7F66FDBE4E3EA972A95A /* CascadiaMono-Light.ttf */,
				73E5D8E8DDA3486290A800CC /* CascadiaMono-LightItalic.ttf */,
				66A654D370EE4198BF722FA3 /* CascadiaMono-Medium.ttf */,
				E783D354F636452297585285 /* CascadiaMono-MediumItalic.ttf */,
				816BFDC14A1B4A61B881FB4F /* CascadiaMono-Regular.ttf */,
				4F0C11CED50A4D3AABF21766 /* CascadiaMono-SemiBold.ttf */,
				AF9A89F5467446CCAC7F1154 /* CascadiaMono-SemiBoldItalic.ttf */,
				173A11985328418DADAF57BA /* Inter-Italic-VariableFont_opsz,wght.ttf */,
				B1C1BDF220FD4A3AA165CA03 /* Inter-VariableFont_opsz,wght.ttf */,
				E49C0F9F88834B419A12E46D /* Inter_18pt-Black.ttf */,
				D5318F279E184042B7E36A61 /* Inter_18pt-BlackItalic.ttf */,
				057A8930056A49379A43F777 /* Inter_18pt-Bold.ttf */,
				EA79F7A7FBE24DD69E4B6482 /* Inter_18pt-BoldItalic.ttf */,
				628866899879470080C35040 /* Inter_18pt-ExtraBold.ttf */,
				362FB5F91E19406282706D01 /* Inter_18pt-ExtraBoldItalic.ttf */,
				28059ABC3A50403D81BE9D7A /* Inter_18pt-ExtraLight.ttf */,
				559D440CF5424957BA0F7B7E /* Inter_18pt-ExtraLightItalic.ttf */,
				F046ADFAAD474310B1946D56 /* Inter_18pt-Italic.ttf */,
				00A0EAE973024FC8929833A9 /* Inter_18pt-Light.ttf */,
				02699B3071BF4ED0A5EFF3D3 /* Inter_18pt-LightItalic.ttf */,
				55EAE75EF14C49DD8BE3F6E7 /* Inter_18pt-Medium.ttf */,
				F70DB78308A0467B8F8DEEE6 /* Inter_18pt-MediumItalic.ttf */,
				A5EFC8AD6AA046D88CC42A0F /* Inter_18pt-SemiBold.ttf */,
				C2189BC32CA64E459636ACC8 /* Inter_18pt-SemiBoldItalic.ttf */,
				42266AA85FE4401A91745C51 /* Inter_18pt-Thin.ttf */,
				14F0B303CCCD448494DD08E0 /* Inter_18pt-ThinItalic.ttf */,
				509F966DB7244405B0882956 /* Inter_24pt-Black.ttf */,
				D52D5E31A5E54CCBB14810D9 /* Inter_24pt-BlackItalic.ttf */,
				4947111A045A4DE680D5F162 /* Inter_24pt-Bold.ttf */,
				19D99902789C4A25B2FE85F6 /* Inter_24pt-BoldItalic.ttf */,
				ADEACE432F9040479FBA7F12 /* Inter_24pt-ExtraBold.ttf */,
				D99D540D9AE04104B02E8669 /* Inter_24pt-ExtraBoldItalic.ttf */,
				B92AB1CFD54F4A7E8EB7060D /* Inter_24pt-ExtraLight.ttf */,
				F240ADC93FCB4DDF81D2A489 /* Inter_24pt-ExtraLightItalic.ttf */,
				9627D1032CF6487286F8968C /* Inter_24pt-Italic.ttf */,
				7812D20CB46146BAB3EAC3E5 /* Inter_24pt-Light.ttf */,
				BCECE9BAA8584CB4ABF14271 /* Inter_24pt-LightItalic.ttf */,
				82BFDB170A9E4480A680E2A0 /* Inter_24pt-Medium.ttf */,
				A18E5B85DFAA43B58123F5E7 /* Inter_24pt-MediumItalic.ttf */,
				EA03AE16C50B4B0E860F063C /* Inter_24pt-Regular.ttf */,
				C64A5B14382D4600810AD7F6 /* Inter_24pt-SemiBold.ttf */,
				BEB9C19249924ADABFCE5FF9 /* Inter_24pt-SemiBoldItalic.ttf */,
				72F0C04156AD449197CDAADB /* Inter_24pt-Thin.ttf */,
				6FBE0B56C5D44094BE0A4822 /* Inter_24pt-ThinItalic.ttf */,
				A4F34AD51D774BD980C61CA6 /* Inter_28pt-Black.ttf */,
				FC8E231C5672413CACB85F31 /* Inter_28pt-BlackItalic.ttf */,
				8B85EB8FC12D4A409255F2C9 /* Inter_28pt-Bold.ttf */,
				47801A42A75F4C3289C7991C /* Inter_28pt-BoldItalic.ttf */,
				9057210240EC4663B5AAE75A /* Inter_28pt-ExtraBold.ttf */,
				E7617F7F47934C7181568A5D /* Inter_28pt-ExtraBoldItalic.ttf */,
				A5BBEAD20F8D452EA15E0804 /* Inter_28pt-ExtraLight.ttf */,
				25C7A563570146C08226F93B /* Inter_28pt-ExtraLightItalic.ttf */,
				76D224D7F10643EC9BF0FAB1 /* Inter_28pt-Italic.ttf */,
				729FD5EB403E4CBA95A78485 /* Inter_28pt-Light.ttf */,
				66148D6134CD4587A159C279 /* Inter_28pt-LightItalic.ttf */,
				596E9107562A4D2ABFBA2091 /* Inter_28pt-Medium.ttf */,
				39773EDA952C49AAB7FA8330 /* Inter_28pt-MediumItalic.ttf */,
				38B97D21DE6D40349B79DEAB /* Inter_28pt-Regular.ttf */,
				E5900DC8033E4070812EDABF /* Inter_28pt-SemiBold.ttf */,
				F773B264505C4A31B839B211 /* Inter_28pt-SemiBoldItalic.ttf */,
				CD2FFE1DC80F4A4DB1D8B357 /* Inter_28pt-Thin.ttf */,
				47DD5315714E4F6FB596BA2C /* Inter_28pt-ThinItalic.ttf */,
				CFEC3C7F26994BCFBDF3BB59 /* Inter_18pt-Regular.ttf */,
				EA26AF667A07448CA66BB57E /* Poppins-Black.ttf */,
				B361654D39CF421898F1E728 /* Poppins-BlackItalic.ttf */,
				2EEB8237421D46A9A395778E /* Poppins-BoldItalic.ttf */,
				FFD9C0250D9446A1988E6302 /* Poppins-ExtraBold.ttf */,
				A7693620B11546929090E1A9 /* Poppins-ExtraBoldItalic.ttf */,
				D7F00E6B896F45B3A59E724D /* Poppins-ExtraLightItalic.ttf */,
				D16A04F4620B425C925FA6B8 /* Poppins-Italic.ttf */,
				4CAF38B195AD44B78561960C /* Poppins-Light.ttf */,
				84EBFB770B6149CD96268834 /* Poppins-LightItalic.ttf */,
				9CF7A12E35B34381890AFDB2 /* Poppins-MediumItalic.ttf */,
				6024454C59834ECBAB59B150 /* Poppins-SemiBoldItalic.ttf */,
				EBDED709A1C14816AFDA27FB /* Poppins-Thin.ttf */,
				AFA95DF9FEC14E218FA33925 /* Poppins-ThinItalic.ttf */,
				C38C01F8111143309530DF11 /* Poppins-Bold.ttf */,
				E8361810B7384DD49D461E48 /* Poppins-ExtraLight.ttf */,
				ECD357470E4E4FD39C8B6318 /* Poppins-Medium.ttf */,
				52A224A53D7149C78E916879 /* Poppins-Regular.ttf */,
				8B648E426F944B3FB030A609 /* Poppins-SemiBold.ttf */,
				6F89ADF6006447169EADB50F /* OFL.txt */,
				394CBA28A7F24BE781BC6370 /* README.txt */,
				6DC94C948D5E4D2892181297 /* README.txt */,
				A785AEE6C2C941D8B8E2D401 /* OFL.txt */,
				ED791FC6A0E74E149FF0DE04 /* README.txt */,
				78FA8B69AF2F4E9EA5BC365B /* OFL.txt */,
			);
			name = Resources;
			sourceTree = "<group>";
			path = "";
		};
/* End PBXGroup section */

/* Begin PBXNativeTarget section */
		13B07F861A680F5B00A75B9A /* RobustaCoffeeDefectClassifier */ = {
			isa = PBXNativeTarget;
			buildConfigurationList = 13B07F931A680F5B00A75B9A /* Build configuration list for PBXNativeTarget "RobustaCoffeeDefectClassifier" */;
			buildPhases = (
				C38B50BA6285516D6DCD4F65 /* [CP] Check Pods Manifest.lock */,
				13B07F871A680F5B00A75B9A /* Sources */,
				13B07F8C1A680F5B00A75B9A /* Frameworks */,
				13B07F8E1A680F5B00A75B9A /* Resources */,
				00DD1BFF1BD5951E006B06BC /* Bundle React Native code and images */,
				00EEFC60759A1932668264C0 /* [CP] Embed Pods Frameworks */,
				E235C05ADACE081382539298 /* [CP] Copy Pods Resources */,
			);
			buildRules = (
			);
			dependencies = (
			);
			name = RobustaCoffeeDefectClassifier;
			productName = RobustaCoffeeDefectClassifier;
			productReference = 13B07F961A680F5B00A75B9A /* RobustaCoffeeDefectClassifier.app */;
			productType = "com.apple.product-type.application";
		};
/* End PBXNativeTarget section */

/* Begin PBXProject section */
		83CBB9F71A601CBA00E9B192 /* Project object */ = {
			isa = PBXProject;
			attributes = {
				LastUpgradeCheck = 1210;
				TargetAttributes = {
					13B07F861A680F5B00A75B9A = {
						LastSwiftMigration = 1120;
					};
				};
			};
			buildConfigurationList = 83CBB9FA1A601CBA00E9B192 /* Build configuration list for PBXProject "RobustaCoffeeDefectClassifier" */;
			compatibilityVersion = "Xcode 12.0";
			developmentRegion = en;
			hasScannedForEncodings = 0;
			knownRegions = (
				en,
				Base,
			);
			mainGroup = 83CBB9F61A601CBA00E9B192;
			productRefGroup = 83CBBA001A601CBA00E9B192 /* Products */;
			projectDirPath = "";
			projectRoot = "";
			targets = (
				13B07F861A680F5B00A75B9A /* RobustaCoffeeDefectClassifier */,
			);
		};
/* End PBXProject section */

/* Begin PBXResourcesBuildPhase section */
		13B07F8E1A680F5B00A75B9A /* Resources */ = {
			isa = PBXResourcesBuildPhase;
			buildActionMask = 2147483647;
			files = (
				81AB9BB82411601600AC10FF /* LaunchScreen.storyboard in Resources */,
				13B07FBF1A68108700A75B9A /* Images.xcassets in Resources */,
				2E2A6497AEF4405DB65B5494 /* CascadiaCode-SemiBold.ttf in Resources */,
				AA85F5E340814125A4EFF813 /* CascadiaCode-Italic-VariableFont_wght.ttf in Resources */,
				4CFBD4329321410DBA954CCC /* CascadiaCode-VariableFont_wght.ttf in Resources */,
				D96A45E522CC458081E019C3 /* CascadiaCode-Bold.ttf in Resources */,
				45437DB5179148D396465A27 /* CascadiaCode-BoldItalic.ttf in Resources */,
				B2377712F82A436FB20B44B3 /* CascadiaCode-ExtraLight.ttf in Resources */,
				709085B362814148819994FE /* CascadiaCode-ExtraLightItalic.ttf in Resources */,
				6DA94532CF8B46EEA74ABCF4 /* CascadiaCode-Italic.ttf in Resources */,
				99FA155861054AA58DF3F830 /* CascadiaCode-Light.ttf in Resources */,
				5AE338F3E0E54EF695B7EE0C /* CascadiaCode-LightItalic.ttf in Resources */,
				F76C7DB9156F49FE92759691 /* CascadiaCode-Medium.ttf in Resources */,
				CEBEA7253DD84703BB7C8DDD /* CascadiaCode-MediumItalic.ttf in Resources */,
				DDCA14B923E5418F8538BFB9 /* CascadiaCode-Regular.ttf in Resources */,
				4006675F73514667828EB67F /* CascadiaCode-SemiBoldItalic.ttf in Resources */,
				9A90C0408FF247DEBF986EE4 /* CascadiaMono-Italic-VariableFont_wght.ttf in Resources */,
				A09AC9DCC0604937941B8293 /* CascadiaMono-VariableFont_wght.ttf in Resources */,
				1BC25E5B8C3D43208CD8B046 /* CascadiaMono-Bold.ttf in Resources */,
				5911FD6808DF4F4C8780F02F /* CascadiaMono-BoldItalic.ttf in Resources */,
				39F1BBC5D0D64712A667B3DF /* CascadiaMono-ExtraLight.ttf in Resources */,
				2F3569BF89E745D4A12513A2 /* CascadiaMono-ExtraLightItalic.ttf in Resources */,
				534F7DFE03614D0DBA5E547C /* CascadiaMono-Italic.ttf in Resources */,
				7701C54BDECB4CAB9780D24E /* CascadiaMono-Light.ttf in Resources */,
				110F2D7E071F48D98869143F /* CascadiaMono-LightItalic.ttf in Resources */,
				484283534F6B42A0957D3E54 /* CascadiaMono-Medium.ttf in Resources */,
				6C342BC3FE9E444888949AE2 /* CascadiaMono-MediumItalic.ttf in Resources */,
				454CAB5C77B944EABE1022C3 /* CascadiaMono-Regular.ttf in Resources */,
				F6CBDBD8ED8B4448B963603D /* CascadiaMono-SemiBold.ttf in Resources */,
				B1B818BFDB1341B0A7F5CF1B /* CascadiaMono-SemiBoldItalic.ttf in Resources */,
				B37E988EFC2B4C76A62DF6DD /* Inter-Italic-VariableFont_opsz,wght.ttf in Resources */,
				093A0AA81B8F4B6693053647 /* Inter-VariableFont_opsz,wght.ttf in Resources */,
				449CA5FB4E0746A0821D6919 /* Inter_18pt-Black.ttf in Resources */,
				B6F31CECA14440B1A31C72FB /* Inter_18pt-BlackItalic.ttf in Resources */,
				20017B2D4DE048B0AF2869D9 /* Inter_18pt-Bold.ttf in Resources */,
				9338B7AA1A44465482BF90A1 /* Inter_18pt-BoldItalic.ttf in Resources */,
				068F4045E5314C4A8A74CA5A /* Inter_18pt-ExtraBold.ttf in Resources */,
				66E9B288E92F45D495A7F890 /* Inter_18pt-ExtraBoldItalic.ttf in Resources */,
				7CAAEBAFC6F74FF2A326B560 /* Inter_18pt-ExtraLight.ttf in Resources */,
				9EC79EBEE69B43E8A556A4CF /* Inter_18pt-ExtraLightItalic.ttf in Resources */,
				7348CCE53B4E424EB4653AB9 /* Inter_18pt-Italic.ttf in Resources */,
				F0952BA382B947778FEED014 /* Inter_18pt-Light.ttf in Resources */,
				E3A699671F53452698AD9CF0 /* Inter_18pt-LightItalic.ttf in Resources */,
				E7D46636B3E94D97BFB104F8 /* Inter_18pt-Medium.ttf in Resources */,
				667D7A608B5149D9A507893A /* Inter_18pt-MediumItalic.ttf in Resources */,
				D8BB2DA3122D4ED9B9F3EDBF /* Inter_18pt-SemiBold.ttf in Resources */,
				D6A3D295E9CE42ED852D46A5 /* Inter_18pt-SemiBoldItalic.ttf in Resources */,
				ED16EC351A244FE1AC0D3C01 /* Inter_18pt-Thin.ttf in Resources */,
				35E4B315C7B44181BF3C8287 /* Inter_18pt-ThinItalic.ttf in Resources */,
				93B695FADCB349428915F793 /* Inter_24pt-Black.ttf in Resources */,
				BB18F9EC2F904C148CF378A8 /* Inter_24pt-BlackItalic.ttf in Resources */,
				546255EE381046498B5FCC42 /* Inter_24pt-Bold.ttf in Resources */,
				C54197D513C940F8917CDA8E /* Inter_24pt-BoldItalic.ttf in Resources */,
				1DF274B640774DC381B963B1 /* Inter_24pt-ExtraBold.ttf in Resources */,
				1B3AB270301649EB927871AE /* Inter_24pt-ExtraBoldItalic.ttf in Resources */,
				37EFA4D15351423E95274988 /* Inter_24pt-ExtraLight.ttf in Resources */,
				8B5D12C516704FF48B855C18 /* Inter_24pt-ExtraLightItalic.ttf in Resources */,
				03B18A820BA54981845E634C /* Inter_24pt-Italic.ttf in Resources */,
				45B91C8FF27B4ECB80A4D287 /* Inter_24pt-Light.ttf in Resources */,
				8068213B38EA43199F3D20AE /* Inter_24pt-LightItalic.ttf in Resources */,
				A48D35307B3A4A7B821E4789 /* Inter_24pt-Medium.ttf in Resources */,
				31687B97636549E483ED6D40 /* Inter_24pt-MediumItalic.ttf in Resources */,
				CC58F1DF219C47BD8F027CBB /* Inter_24pt-Regular.ttf in Resources */,
				FB2EDC9068B24427BAF3D3BB /* Inter_24pt-SemiBold.ttf in Resources */,
				D8A6E2E67A4047A386D9BE40 /* Inter_24pt-SemiBoldItalic.ttf in Resources */,
				6977C6A707DD4426820035C0 /* Inter_24pt-Thin.ttf in Resources */,
				1E32244774BC4E40B4B1E78A /* Inter_24pt-ThinItalic.ttf in Resources */,
				6A3309570ED446F8A5412E8A /* Inter_28pt-Black.ttf in Resources */,
				7E57137AC3954557902EE099 /* Inter_28pt-BlackItalic.ttf in Resources */,
				EF6A073B30324E7A900F4F12 /* Inter_28pt-Bold.ttf in Resources */,
				B7E34BFB215942E6BB8126E3 /* Inter_28pt-BoldItalic.ttf in Resources */,
				902C6EF5DFFC433485F743C1 /* Inter_28pt-ExtraBold.ttf in Resources */,
				AA2B156CCF2E4F0AAB201AFD /* Inter_28pt-ExtraBoldItalic.ttf in Resources */,
				8EA66D493C9142D7AB480ED8 /* Inter_28pt-ExtraLight.ttf in Resources */,
				76FAFD121ACD43149FF2F72C /* Inter_28pt-ExtraLightItalic.ttf in Resources */,
				9ADADC2C5A294491B50F74C1 /* Inter_28pt-Italic.ttf in Resources */,
				C91CA6C2C1CA4C9E8796FE83 /* Inter_28pt-Light.ttf in Resources */,
				DC3744C75B4642EDB97E51CD /* Inter_28pt-LightItalic.ttf in Resources */,
				D88CEFCE62FB4022B31DCA38 /* Inter_28pt-Medium.ttf in Resources */,
				3D42FAA2F40E43E5ADCF5382 /* Inter_28pt-MediumItalic.ttf in Resources */,
				1435E93C0D3248A18020782C /* Inter_28pt-Regular.ttf in Resources */,
				44350BE0EC6A408FB4C289C7 /* Inter_28pt-SemiBold.ttf in Resources */,
				75F45A7DC9D942A68AC57E82 /* Inter_28pt-SemiBoldItalic.ttf in Resources */,
				390691EF54ED4776A2D493D7 /* Inter_28pt-Thin.ttf in Resources */,
				47BEFDF88FBD489BB97FB17A /* Inter_28pt-ThinItalic.ttf in Resources */,
				16CD858715744D5B925B927E /* Inter_18pt-Regular.ttf in Resources */,
				A50CE5978DF54B9C82858201 /* Poppins-Black.ttf in Resources */,
				75DF5E1918C04C178E5F48C4 /* Poppins-BlackItalic.ttf in Resources */,
				5CAFDFF24CE24DF7A4F9D32C /* Poppins-BoldItalic.ttf in Resources */,
				39BFDDBA748A4E42AF927722 /* Poppins-ExtraBold.ttf in Resources */,
				B4FC2A8484ED4F6B887F56B5 /* Poppins-ExtraBoldItalic.ttf in Resources */,
				7363C4709CA04E1CB16F8B4A /* Poppins-ExtraLightItalic.ttf in Resources */,
				A0A6C6DE19F14C07A8A4C6E5 /* Poppins-Italic.ttf in Resources */,
				FE84AC566B1D4404B0E950F4 /* Poppins-Light.ttf in Resources */,
				CA2C5F359C8D4326851E54DF /* Poppins-LightItalic.ttf in Resources */,
				5E23CA63BD204939B6805354 /* Poppins-MediumItalic.ttf in Resources */,
				A1F8678872AE417EA0578FE3 /* Poppins-SemiBoldItalic.ttf in Resources */,
				B47B40E54F9F43D291EB3356 /* Poppins-Thin.ttf in Resources */,
				01832ADCCCDA492482FDF0CD /* Poppins-ThinItalic.ttf in Resources */,
				74EA5ED913594D1BBE858D9B /* Poppins-Bold.ttf in Resources */,
				BCA72C1A61D548E8B8347F0E /* Poppins-ExtraLight.ttf in Resources */,
				5F06CB81448A484584ACD0E8 /* Poppins-Medium.ttf in Resources */,
				C500217F4A3D4EC0B974A069 /* Poppins-Regular.ttf in Resources */,
				D51D06FE6D674C3686B0C35F /* Poppins-SemiBold.ttf in Resources */,
				EB67D76FD74B4531BF118ABA /* OFL.txt in Resources */,
				1DE5E0188E1A4FA7A3E7E632 /* README.txt in Resources */,
				1D3277D60DAF438EBD10B0BD /* README.txt in Resources */,
				9DDE9A34B9BD48BAAC306EE0 /* OFL.txt in Resources */,
				CDC1F2517AAC41928AF1EDAB /* README.txt in Resources */,
				C0B3E151849342C49430D0C1 /* OFL.txt in Resources */,
			);
			runOnlyForDeploymentPostprocessing = 0;
		};
/* End PBXResourcesBuildPhase section */

/* Begin PBXShellScriptBuildPhase section */
		00DD1BFF1BD5951E006B06BC /* Bundle React Native code and images */ = {
			isa = PBXShellScriptBuildPhase;
			buildActionMask = 2147483647;
			files = (
			);
			inputPaths = (
				"$(SRCROOT)/.xcode.env.local",
				"$(SRCROOT)/.xcode.env",
			);
			name = "Bundle React Native code and images";
			outputPaths = (
			);
			runOnlyForDeploymentPostprocessing = 0;
			shellPath = /bin/sh;
			shellScript = "set -e\n\nWITH_ENVIRONMENT=\"$REACT_NATIVE_PATH/scripts/xcode/with-environment.sh\"\nREACT_NATIVE_XCODE=\"$REACT_NATIVE_PATH/scripts/react-native-xcode.sh\"\n\n/bin/sh -c \"\\\"$WITH_ENVIRONMENT\\\" \\\"$REACT_NATIVE_XCODE\\\"\"\n";
		};
		00EEFC60759A1932668264C0 /* [CP] Embed Pods Frameworks */ = {
			isa = PBXShellScriptBuildPhase;
			buildActionMask = 2147483647;
			files = (
			);
			inputFileListPaths = (
				"${PODS_ROOT}/Target Support Files/Pods-RobustaCoffeeDefectClassifier/Pods-RobustaCoffeeDefectClassifier-frameworks-${CONFIGURATION}-input-files.xcfilelist",
			);
			name = "[CP] Embed Pods Frameworks";
			outputFileListPaths = (
				"${PODS_ROOT}/Target Support Files/Pods-RobustaCoffeeDefectClassifier/Pods-RobustaCoffeeDefectClassifier-frameworks-${CONFIGURATION}-output-files.xcfilelist",
			);
			runOnlyForDeploymentPostprocessing = 0;
			shellPath = /bin/sh;
			shellScript = "\"${PODS_ROOT}/Target Support Files/Pods-RobustaCoffeeDefectClassifier/Pods-RobustaCoffeeDefectClassifier-frameworks.sh\"\n";
			showEnvVarsInLog = 0;
		};
		C38B50BA6285516D6DCD4F65 /* [CP] Check Pods Manifest.lock */ = {
			isa = PBXShellScriptBuildPhase;
			buildActionMask = 2147483647;
			files = (
			);
			inputFileListPaths = (
			);
			inputPaths = (
				"${PODS_PODFILE_DIR_PATH}/Podfile.lock",
				"${PODS_ROOT}/Manifest.lock",
			);
			name = "[CP] Check Pods Manifest.lock";
			outputFileListPaths = (
			);
			outputPaths = (
				"$(DERIVED_FILE_DIR)/Pods-RobustaCoffeeDefectClassifier-checkManifestLockResult.txt",
			);
			runOnlyForDeploymentPostprocessing = 0;
			shellPath = /bin/sh;
			shellScript = "diff \"${PODS_PODFILE_DIR_PATH}/Podfile.lock\" \"${PODS_ROOT}/Manifest.lock\" > /dev/null\nif [ $? != 0 ] ; then\n    # print error to STDERR\n    echo \"error: The sandbox is not in sync with the Podfile.lock. Run 'pod install' or update your CocoaPods installation.\" >&2\n    exit 1\nfi\n# This output is used by Xcode 'outputs' to avoid re-running this script phase.\necho \"SUCCESS\" > \"${SCRIPT_OUTPUT_FILE_0}\"\n";
			showEnvVarsInLog = 0;
		};
		E235C05ADACE081382539298 /* [CP] Copy Pods Resources */ = {
			isa = PBXShellScriptBuildPhase;
			buildActionMask = 2147483647;
			files = (
			);
			inputFileListPaths = (
				"${PODS_ROOT}/Target Support Files/Pods-RobustaCoffeeDefectClassifier/Pods-RobustaCoffeeDefectClassifier-resources-${CONFIGURATION}-input-files.xcfilelist",
			);
			name = "[CP] Copy Pods Resources";
			outputFileListPaths = (
				"${PODS_ROOT}/Target Support Files/Pods-RobustaCoffeeDefectClassifier/Pods-RobustaCoffeeDefectClassifier-resources-${CONFIGURATION}-output-files.xcfilelist",
			);
			runOnlyForDeploymentPostprocessing = 0;
			shellPath = /bin/sh;
			shellScript = "\"${PODS_ROOT}/Target Support Files/Pods-RobustaCoffeeDefectClassifier/Pods-RobustaCoffeeDefectClassifier-resources.sh\"\n";
			showEnvVarsInLog = 0;
		};
/* End PBXShellScriptBuildPhase section */

/* Begin PBXSourcesBuildPhase section */
		13B07F871A680F5B00A75B9A /* Sources */ = {
			isa = PBXSourcesBuildPhase;
			buildActionMask = 2147483647;
			files = (
				761780ED2CA45674006654EE /* AppDelegate.swift in Sources */,
			);
			runOnlyForDeploymentPostprocessing = 0;
		};
/* End PBXSourcesBuildPhase section */

/* Begin XCBuildConfiguration section */
		13B07F941A680F5B00A75B9A /* Debug */ = {
			isa = XCBuildConfiguration;
			baseConfigurationReference = 3B4392A12AC88292D35C810B /* Pods-RobustaCoffeeDefectClassifier.debug.xcconfig */;
			buildSettings = {
				ASSETCATALOG_COMPILER_APPICON_NAME = AppIcon;
				CLANG_ENABLE_MODULES = YES;
				CURRENT_PROJECT_VERSION = 1;
				ENABLE_BITCODE = NO;
				INFOPLIST_FILE = RobustaCoffeeDefectClassifier/Info.plist;
				IPHONEOS_DEPLOYMENT_TARGET = 15.1;
				LD_RUNPATH_SEARCH_PATHS = (
					"$(inherited)",
					"@executable_path/Frameworks",
				);
				MARKETING_VERSION = 1.0;
				OTHER_LDFLAGS = (
					"$(inherited)",
					"-ObjC",
					"-lc++",
				);
				PRODUCT_BUNDLE_IDENTIFIER = "org.reactjs.native.example.$(PRODUCT_NAME:rfc1034identifier)";
				PRODUCT_NAME = RobustaCoffeeDefectClassifier;
				SUPPORTED_PLATFORMS = "iphoneos iphonesimulator";
				SWIFT_OPTIMIZATION_LEVEL = "-Onone";
				SWIFT_VERSION = 5.0;
				TARGETED_DEVICE_FAMILY = "1,2";
				VERSIONING_SYSTEM = "apple-generic";
			};
			name = Debug;
		};
		13B07F951A680F5B00A75B9A /* Release */ = {
			isa = XCBuildConfiguration;
			baseConfigurationReference = 5709B34CF0A7D63546082F79 /* Pods-RobustaCoffeeDefectClassifier.release.xcconfig */;
			buildSettings = {
				ASSETCATALOG_COMPILER_APPICON_NAME = AppIcon;
				CLANG_ENABLE_MODULES = YES;
				CURRENT_PROJECT_VERSION = 1;
				INFOPLIST_FILE = RobustaCoffeeDefectClassifier/Info.plist;
				IPHONEOS_DEPLOYMENT_TARGET = 15.1;
				LD_RUNPATH_SEARCH_PATHS = (
					"$(inherited)",
					"@executable_path/Frameworks",
				);
				MARKETING_VERSION = 1.0;
				OTHER_LDFLAGS = (
					"$(inherited)",
					"-ObjC",
					"-lc++",
				);
				PRODUCT_BUNDLE_IDENTIFIER = "org.reactjs.native.example.$(PRODUCT_NAME:rfc1034identifier)";
				PRODUCT_NAME = RobustaCoffeeDefectClassifier;
				SUPPORTED_PLATFORMS = "iphoneos iphonesimulator";
				SWIFT_VERSION = 5.0;
				TARGETED_DEVICE_FAMILY = "1,2";
				VERSIONING_SYSTEM = "apple-generic";
			};
			name = Release;
		};
		83CBBA201A601CBA00E9B192 /* Debug */ = {
			isa = XCBuildConfiguration;
			buildSettings = {
				ALWAYS_SEARCH_USER_PATHS = NO;
				CLANG_ANALYZER_LOCALIZABILITY_NONLOCALIZED = YES;
				CLANG_CXX_LANGUAGE_STANDARD = "c++20";
				CLANG_CXX_LIBRARY = "libc++";
				CLANG_ENABLE_MODULES = YES;
				CLANG_ENABLE_OBJC_ARC = YES;
				CLANG_WARN_BLOCK_CAPTURE_AUTORELEASING = YES;
				CLANG_WARN_BOOL_CONVERSION = YES;
				CLANG_WARN_COMMA = YES;
				CLANG_WARN_CONSTANT_CONVERSION = YES;
				CLANG_WARN_DEPRECATED_OBJC_IMPLEMENTATIONS = YES;
				CLANG_WARN_DIRECT_OBJC_ISA_USAGE = YES_ERROR;
				CLANG_WARN_EMPTY_BODY = YES;
				CLANG_WARN_ENUM_CONVERSION = YES;
				CLANG_WARN_INFINITE_RECURSION = YES;
				CLANG_WARN_INT_CONVERSION = YES;
				CLANG_WARN_NON_LITERAL_NULL_CONVERSION = YES;
				CLANG_WARN_OBJC_IMPLICIT_RETAIN_SELF = YES;
				CLANG_WARN_OBJC_LITERAL_CONVERSION = YES;
				CLANG_WARN_OBJC_ROOT_CLASS = YES_ERROR;
				CLANG_WARN_QUOTED_INCLUDE_IN_FRAMEWORK_HEADER = YES;
				CLANG_WARN_RANGE_LOOP_ANALYSIS = YES;
				CLANG_WARN_STRICT_PROTOTYPES = YES;
				CLANG_WARN_SUSPICIOUS_MOVE = YES;
				CLANG_WARN_UNREACHABLE_CODE = YES;
				CLANG_WARN__DUPLICATE_METHOD_MATCH = YES;
				"CODE_SIGN_IDENTITY[sdk=iphoneos*]" = "iPhone Developer";
				COPY_PHASE_STRIP = NO;
				ENABLE_STRICT_OBJC_MSGSEND = YES;
				ENABLE_TESTABILITY = YES;
				"EXCLUDED_ARCHS[sdk=iphonesimulator*]" = "";
				GCC_C_LANGUAGE_STANDARD = gnu99;
				GCC_DYNAMIC_NO_PIC = NO;
				GCC_NO_COMMON_BLOCKS = YES;
				GCC_OPTIMIZATION_LEVEL = 0;
				GCC_PREPROCESSOR_DEFINITIONS = (
					"DEBUG=1",
					"$(inherited)",
				);
				GCC_SYMBOLS_PRIVATE_EXTERN = NO;
				GCC_WARN_64_TO_32_BIT_CONVERSION = YES;
				GCC_WARN_ABOUT_RETURN_TYPE = YES_ERROR;
				GCC_WARN_UNDECLARED_SELECTOR = YES;
				GCC_WARN_UNINITIALIZED_AUTOS = YES_AGGRESSIVE;
				GCC_WARN_UNUSED_FUNCTION = YES;
				GCC_WARN_UNUSED_VARIABLE = YES;
				IPHONEOS_DEPLOYMENT_TARGET = 15.1;
				LD_RUNPATH_SEARCH_PATHS = (
					/usr/lib/swift,
					"$(inherited)",
				);
				LIBRARY_SEARCH_PATHS = (
					"\"$(SDKROOT)/usr/lib/swift\"",
					"\"$(TOOLCHAIN_DIR)/usr/lib/swift/$(PLATFORM_NAME)\"",
					"\"$(inherited)\"",
				);
				MTL_ENABLE_DEBUG_INFO = YES;
				ONLY_ACTIVE_ARCH = YES;
				OTHER_CPLUSPLUSFLAGS = (
					"$(OTHER_CFLAGS)",
					"-DFOLLY_NO_CONFIG",
					"-DFOLLY_MOBILE=1",
					"-DFOLLY_USE_LIBCPP=1",
					"-DFOLLY_CFG_NO_COROUTINES=1",
					"-DFOLLY_HAVE_CLOCK_GETTIME=1",
				);
				SDKROOT = iphoneos;
			};
			name = Debug;
		};
		83CBBA211A601CBA00E9B192 /* Release */ = {
			isa = XCBuildConfiguration;
			buildSettings = {
				ALWAYS_SEARCH_USER_PATHS = NO;
				CLANG_ANALYZER_LOCALIZABILITY_NONLOCALIZED = YES;
				CLANG_CXX_LANGUAGE_STANDARD = "c++20";
				CLANG_CXX_LIBRARY = "libc++";
				CLANG_ENABLE_MODULES = YES;
				CLANG_ENABLE_OBJC_ARC = YES;
				CLANG_WARN_BLOCK_CAPTURE_AUTORELEASING = YES;
				CLANG_WARN_BOOL_CONVERSION = YES;
				CLANG_WARN_COMMA = YES;
				CLANG_WARN_CONSTANT_CONVERSION = YES;
				CLANG_WARN_DEPRECATED_OBJC_IMPLEMENTATIONS = YES;
				CLANG_WARN_DIRECT_OBJC_ISA_USAGE = YES_ERROR;
				CLANG_WARN_EMPTY_BODY = YES;
				CLANG_WARN_ENUM_CONVERSION = YES;
				CLANG_WARN_INFINITE_RECURSION = YES;
				CLANG_WARN_INT_CONVERSION = YES;
				CLANG_WARN_NON_LITERAL_NULL_CONVERSION = YES;
				CLANG_WARN_OBJC_IMPLICIT_RETAIN_SELF = YES;
				CLANG_WARN_OBJC_LITERAL_CONVERSION = YES;
				CLANG_WARN_OBJC_ROOT_CLASS = YES_ERROR;
				CLANG_WARN_QUOTED_INCLUDE_IN_FRAMEWORK_HEADER = YES;
				CLANG_WARN_RANGE_LOOP_ANALYSIS = YES;
				CLANG_WARN_STRICT_PROTOTYPES = YES;
				CLANG_WARN_SUSPICIOUS_MOVE = YES;
				CLANG_WARN_UNREACHABLE_CODE = YES;
				CLANG_WARN__DUPLICATE_METHOD_MATCH = YES;
				"CODE_SIGN_IDENTITY[sdk=iphoneos*]" = "iPhone Developer";
				COPY_PHASE_STRIP = YES;
				ENABLE_NS_ASSERTIONS = NO;
				ENABLE_STRICT_OBJC_MSGSEND = YES;
				"EXCLUDED_ARCHS[sdk=iphonesimulator*]" = "";
				GCC_C_LANGUAGE_STANDARD = gnu99;
				GCC_NO_COMMON_BLOCKS = YES;
				GCC_WARN_64_TO_32_BIT_CONVERSION = YES;
				GCC_WARN_ABOUT_RETURN_TYPE = YES_ERROR;
				GCC_WARN_UNDECLARED_SELECTOR = YES;
				GCC_WARN_UNINITIALIZED_AUTOS = YES_AGGRESSIVE;
				GCC_WARN_UNUSED_FUNCTION = YES;
				GCC_WARN_UNUSED_VARIABLE = YES;
				IPHONEOS_DEPLOYMENT_TARGET = 15.1;
				LD_RUNPATH_SEARCH_PATHS = (
					/usr/lib/swift,
					"$(inherited)",
				);
				LIBRARY_SEARCH_PATHS = (
					"\"$(SDKROOT)/usr/lib/swift\"",
					"\"$(TOOLCHAIN_DIR)/usr/lib/swift/$(PLATFORM_NAME)\"",
					"\"$(inherited)\"",
				);
				MTL_ENABLE_DEBUG_INFO = NO;
				OTHER_CPLUSPLUSFLAGS = (
					"$(OTHER_CFLAGS)",
					"-DFOLLY_NO_CONFIG",
					"-DFOLLY_MOBILE=1",
					"-DFOLLY_USE_LIBCPP=1",
					"-DFOLLY_CFG_NO_COROUTINES=1",
					"-DFOLLY_HAVE_CLOCK_GETTIME=1",
				);
				SDKROOT = iphoneos;
				VALIDATE_PRODUCT = YES;
			};
			name = Release;
		};
/* End XCBuildConfiguration section */

/* Begin XCConfigurationList section */
		13B07F931A680F5B00A75B9A /* Build configuration list for PBXNativeTarget "RobustaCoffeeDefectClassifier" */ = {
			isa = XCConfigurationList;
			buildConfigurations = (
				13B07F941A680F5B00A75B9A /* Debug */,
				13B07F951A680F5B00A75B9A /* Release */,
			);
			defaultConfigurationIsVisible = 0;
			defaultConfigurationName = Release;
		};
		83CBB9FA1A601CBA00E9B192 /* Build configuration list for PBXProject "RobustaCoffeeDefectClassifier" */ = {
			isa = XCConfigurationList;
			buildConfigurations = (
				83CBBA201A601CBA00E9B192 /* Debug */,
				83CBBA211A601CBA00E9B192 /* Release */,
			);
			defaultConfigurationIsVisible = 0;
			defaultConfigurationName = Release;
		};
/* End XCConfigurationList section */
	};
	rootObject = 83CBB9F71A601CBA00E9B192 /* Project object */;
}
